{
	"name": "@ganache/filecoin-options",
	"version": "0.1.0",
	"lockfileVersion": 1,
	"requires": true,
	"dependencies": {
		"@types/seedrandom": {
			"version": "2.4.28",
			"resolved": "https://registry.npmjs.org/@types/seedrandom/-/seedrandom-2.4.28.tgz",
			"integrity": "sha512-SMA+fUwULwK7sd/ZJicUztiPs8F1yCPwF3O23Z9uQ32ME5Ha0NmDK9+QTsYE4O2tHXChzXomSWWeIhCnoN1LqA==",
			"dev": true
		},
		"seedrandom": {
			"version": "3.0.5",
			"resolved": "https://registry.npmjs.org/seedrandom/-/seedrandom-3.0.5.tgz",
			"integrity": "sha512-8OwmbklUNzwezjGInmZ+2clQmExQPvomqjL7LFqOYqtmuxRgQYqOD3mHaU+MvZn5FLUeVxVfQjwLZW/n/JFuqg=="
		}
	}
}
