{
  "name": "@ganache/colors",
  "version": "0.1.1-canary.1329",
  "lockfileVersion": 1,
  "requires": true,
  "dependencies": {
    "@types/mocha": {
      "version": "8.2.2",
      "resolved": "https://registry.npmjs.org/@types/mocha/-/mocha-8.2.2.tgz",
      "integrity": "sha512-Lwh0lzzqT5Pqh6z61P3c3P5nm6fzQK/MMHl9UKeneAeInVflBSz1O2EkX6gM6xfJd7FBXBY5purtLx7fUiZ7Hw==",
      "dev": true
    },
    "cross-env": {
      "version": "7.0.3",
      "resolved": "https://registry.npmjs.org/cross-env/-/cross-env-7.0.3.tgz",
      "integrity": "sha512-+/HKd6EgcQCJGh2PSjZuUitQBQynKor4wrFbRg4DtAgS1aWO+gU52xpH7M9ScGgXSYmAVS9bIJ8EzuaGw0oNAw==",
      "dev": true
    },
    "mocha": {
      "version": "8.4.0",
      "resolved": "https://registry.npmjs.org/mocha/-/mocha-8.4.0.tgz",
      "integrity": "sha512-hJaO0mwDXmZS4ghXsvPVriOhsxQ7ofcpQdm8dE+jISUOKopitvnXFQmpRR7jd2K6VBG6E26gU3IAbXXGIbu4sQ==",
      "dev": true
    },
    "ts-node": {
      "version": "9.1.1",
      "resolved": "https://registry.npmjs.org/ts-node/-/ts-node-9.1.1.tgz",
      "integrity": "sha512-hPlt7ZACERQGf03M253ytLY3dHbGNGrAq9qIHWUY9XHYl1z7wYngSr3OQ5xmui8o2AaxsONxIzjafLUiWBo1Fg==",
      "dev": true
    },
    "ttypescript": {
      "version": "1.5.12",
      "resolved": "https://registry.npmjs.org/ttypescript/-/ttypescript-1.5.12.tgz",
      "integrity": "sha512-1ojRyJvpnmgN9kIHmUnQPlEV1gq+VVsxVYjk/NfvMlHSmYxjK5hEvOOU2MQASrbekTUiUM7pR/nXeCc8bzvMOQ==",
      "dev": true
    },
    "typescript": {
      "version": "4.1.3",
      "resolved": "https://registry.npmjs.org/typescript/-/typescript-4.1.3.tgz",
      "integrity": "sha512-B3ZIOf1IKeH2ixgHhj6la6xdwR9QrLC5d1VKeCSY4tvkqhF2eqd9O7txNlS0PO3GrBAFIdr3L1ndNwteUbZLYg==",
      "dev": true
    }
  }
}
