{
	"name": "@ganache/promise-queue",
	"version": "0.1.0",
	"lockfileVersion": 1,
	"requires": true,
	"dependencies": {
		"emittery": {
			"version": "0.8.1",
			"resolved": "https://registry.npmjs.org/emittery/-/emittery-0.8.1.tgz",
			"integrity": "sha512-uDfvUjVrfGJJhymx/kz6prltenw1u7WrCg1oa94zYY8xxVpLLUu045LAT0dhDZdXG58/EpPL/5kA180fQ/qudg=="
		}
	}
}
