{
	"name": "@ganache/ethereum-utils",
	"version": "0.1.0",
	"lockfileVersion": 1,
	"requires": true,
	"dependencies": {
		"@types/bn.js": {
			"version": "4.11.6",
			"resolved": "https://registry.npmjs.org/@types/bn.js/-/bn.js-4.11.6.tgz",
			"integrity": "sha512-pqr857jrp2kPuO9uRjZ3PwnJTjoQy+fcdxvBTvHm6dkmEL9q+hDD/2j/0ELOBPtPnS8LjCX0gI9nbl8lVkadpg==",
			"requires": {
				"@types/node": "*"
			}
		},
		"@types/node": {
			"version": "14.14.20",
			"resolved": "https://registry.npmjs.org/@types/node/-/node-14.14.20.tgz",
			"integrity": "sha512-Y93R97Ouif9JEOWPIUyU+eyIdyRqQR0I8Ez1dzku4hDx34NWh4HbtIc3WNzwB1Y9ULvNGeu5B8h8bVL5cAk4/A=="
		},
		"@types/pbkdf2": {
			"version": "3.1.0",
			"resolved": "https://registry.npmjs.org/@types/pbkdf2/-/pbkdf2-3.1.0.tgz",
			"integrity": "sha512-Cf63Rv7jCQ0LaL8tNXmEyqTHuIJxRdlS5vMh1mj5voN4+QFhVZnlZruezqpWYDiJ8UTzhP0VmeLXCmBk66YrMQ==",
			"requires": {
				"@types/node": "*"
			}
		},
		"@types/secp256k1": {
			"version": "4.0.1",
			"resolved": "https://registry.npmjs.org/@types/secp256k1/-/secp256k1-4.0.1.tgz",
			"integrity": "sha512-+ZjSA8ELlOp8SlKi0YLB2tz9d5iPNEmOBd+8Rz21wTMdaXQIa9b6TEnD6l5qKOCypE7FSyPyck12qZJxSDNoog==",
			"requires": {
				"@types/node": "*"
			}
		},
		"abstract-leveldown": {
			"version": "2.6.3",
			"resolved": "https://registry.npmjs.org/abstract-leveldown/-/abstract-leveldown-2.6.3.tgz",
			"integrity": "sha512-2++wDf/DYqkPR3o5tbfdhF96EfMApo1GpPfzOsR/ZYXdkSmELlvOOEAl9iKkRsktMPHdGjO4rtkBpf2I7TiTeA==",
			"requires": {
				"xtend": "~4.0.0"
			},
			"dependencies": {
				"xtend": {
					"version": "4.0.2",
					"resolved": "https://registry.npmjs.org/xtend/-/xtend-4.0.2.tgz",
					"integrity": "sha512-LKYU1iAXJXUgAXn9URjiu+MWhyUXHsvfp7mcuYm9dSUKK0/CjtrUwFAxD82/mCWbtLsGjFIad0wIsod4zrTAEQ=="
				}
			}
		},
		"async": {
			"version": "2.6.3",
			"resolved": "https://registry.npmjs.org/async/-/async-2.6.3.tgz",
			"integrity": "sha512-zflvls11DCy+dQWzTW2dzuilv8Z5X/pjfmZOWba6TNIVDm+2UDaJmXSOXlasHKfNBs8oo3M0aT50fDEWfKZjXg==",
			"requires": {
				"lodash": "^4.17.14"
			}
		},
		"async-eventemitter": {
			"version": "0.2.4",
			"resolved": "https://registry.npmjs.org/async-eventemitter/-/async-eventemitter-0.2.4.tgz",
			"integrity": "sha512-pd20BwL7Yt1zwDFy+8MX8F1+WCT8aQeKj0kQnTrH9WaeRETlRamVhD0JtRPmrV4GfOJ2F9CvdQkZeZhnh2TuHw==",
			"requires": {
				"async": "^2.4.0"
			}
		},
		"base-x": {
			"version": "3.0.8",
			"resolved": "https://registry.npmjs.org/base-x/-/base-x-3.0.8.tgz",
			"integrity": "sha512-Rl/1AWP4J/zRrk54hhlxH4drNxPJXYUaKffODVI53/dAsV4t9fBxyxYKAVPU1XBHxYwOWP9h9H0hM2MVw4YfJA==",
			"requires": {
				"safe-buffer": "^5.0.1"
			}
		},
		"base64-js": {
			"version": "1.5.1",
			"resolved": "https://registry.npmjs.org/base64-js/-/base64-js-1.5.1.tgz",
			"integrity": "sha512-AKpaYlHn8t4SVbOHCy+b5+KKgvR4vrsD8vbvrbiQJps7fKDTkjkDry6ji0rUJjC0kzbNePLwzxq8iypo41qeWA=="
		},
		"blakejs": {
			"version": "1.1.0",
			"resolved": "https://registry.npmjs.org/blakejs/-/blakejs-1.1.0.tgz",
			"integrity": "sha1-ad+S75U6qIylGjLfarHFShVfx6U="
		},
		"bn.js": {
			"version": "4.11.9",
			"resolved": "https://registry.npmjs.org/bn.js/-/bn.js-4.11.9.tgz",
			"integrity": "sha512-E6QoYqCKZfgatHTdHzs1RRKP7ip4vvm+EyRUeE2RF0NblwVvb0p6jSVeNTOFxPn26QXN2o6SMfNxKp6kU8zQaw=="
		},
		"brorand": {
			"version": "1.1.0",
			"resolved": "https://registry.npmjs.org/brorand/-/brorand-1.1.0.tgz",
			"integrity": "sha1-EsJe/kCkXjwyPrhnWgoM5XsiNx8="
		},
		"browserify-aes": {
			"version": "1.2.0",
			"resolved": "https://registry.npmjs.org/browserify-aes/-/browserify-aes-1.2.0.tgz",
			"integrity": "sha512-+7CHXqGuspUn/Sl5aO7Ea0xWGAtETPXNSAjHo48JfLdPWcMng33Xe4znFvQweqc/uzk5zSOI3H52CYnjCfb5hA==",
			"requires": {
				"buffer-xor": "^1.0.3",
				"cipher-base": "^1.0.0",
				"create-hash": "^1.1.0",
				"evp_bytestokey": "^1.0.3",
				"inherits": "^2.0.1",
				"safe-buffer": "^5.0.1"
			}
		},
		"bs58": {
			"version": "4.0.1",
			"resolved": "https://registry.npmjs.org/bs58/-/bs58-4.0.1.tgz",
			"integrity": "sha1-vhYedsNU9veIrkBx9j806MTwpCo=",
			"requires": {
				"base-x": "^3.0.2"
			}
		},
		"bs58check": {
			"version": "2.1.2",
			"resolved": "https://registry.npmjs.org/bs58check/-/bs58check-2.1.2.tgz",
			"integrity": "sha512-0TS1jicxdU09dwJMNZtVAfzPi6Q6QeN0pM1Fkzrjn+XYHvzMKPU3pHVpva+769iNVSfIYWf7LJ6WR+BuuMf8cA==",
			"requires": {
				"bs58": "^4.0.0",
				"create-hash": "^1.1.0",
				"safe-buffer": "^5.1.2"
			}
		},
		"buffer": {
			"version": "5.7.1",
			"resolved": "https://registry.npmjs.org/buffer/-/buffer-5.7.1.tgz",
			"integrity": "sha512-EHcyIPBQ4BSGlvjB16k5KgAJ27CIsHY/2JBmCRReo48y9rQ3MaUzWX3KVlBa4U7MyX02HdVj0K7C3WaB3ju7FQ==",
			"requires": {
				"base64-js": "^1.3.1",
				"ieee754": "^1.1.13"
			}
		},
		"buffer-xor": {
			"version": "1.0.3",
			"resolved": "https://registry.npmjs.org/buffer-xor/-/buffer-xor-1.0.3.tgz",
			"integrity": "sha1-JuYe0UIvtw3ULm42cp7VHYVf6Nk="
		},
		"call-bind": {
			"version": "1.0.0",
			"resolved": "https://registry.npmjs.org/call-bind/-/call-bind-1.0.0.tgz",
			"integrity": "sha512-AEXsYIyyDY3MCzbwdhzG3Jx1R0J2wetQyUynn6dYHAO+bg8l1k7jwZtRv4ryryFs7EP+NDlikJlVe59jr0cM2w==",
			"requires": {
				"function-bind": "^1.1.1",
				"get-intrinsic": "^1.0.0"
			}
		},
		"checkpoint-store": {
			"version": "1.1.0",
			"resolved": "https://registry.npmjs.org/checkpoint-store/-/checkpoint-store-1.1.0.tgz",
			"integrity": "sha1-BOTLUWuRQziTWB5tRgGnjpVS6gY=",
			"requires": {
				"functional-red-black-tree": "^1.0.1"
			}
		},
		"cipher-base": {
			"version": "1.0.4",
			"resolved": "https://registry.npmjs.org/cipher-base/-/cipher-base-1.0.4.tgz",
			"integrity": "sha512-Kkht5ye6ZGmwv40uUDZztayT2ThLQGfnj/T71N/XzeZeo3nf8foyW7zGTsPYkEya3m5f3cAypH+qe7YOrM1U2Q==",
			"requires": {
				"inherits": "^2.0.1",
				"safe-buffer": "^5.0.1"
			}
		},
		"core-js-pure": {
			"version": "3.8.2",
			"resolved": "https://registry.npmjs.org/core-js-pure/-/core-js-pure-3.8.2.tgz",
			"integrity": "sha512-v6zfIQqL/pzTVAbZvYUozsxNfxcFb6Ks3ZfEbuneJl3FW9Jb8F6vLWB6f+qTmAu72msUdyb84V8d/yBFf7FNnw=="
		},
		"core-util-is": {
			"version": "1.0.2",
			"resolved": "https://registry.npmjs.org/core-util-is/-/core-util-is-1.0.2.tgz",
			"integrity": "sha1-tf1UIgqivFq1eqtxQMlAdUUDwac="
		},
		"create-hash": {
			"version": "1.2.0",
			"resolved": "https://registry.npmjs.org/create-hash/-/create-hash-1.2.0.tgz",
			"integrity": "sha512-z00bCGNHDG8mHAkP7CtT1qVu+bFQUPjYq/4Iv3C3kWjTFV10zIjfSoeqXo9Asws8gwSHDGj/hl2u4OGIjapeCg==",
			"requires": {
				"cipher-base": "^1.0.1",
				"inherits": "^2.0.1",
				"md5.js": "^1.3.4",
				"ripemd160": "^2.0.1",
				"sha.js": "^2.4.0"
			}
		},
		"create-hmac": {
			"version": "1.1.7",
			"resolved": "https://registry.npmjs.org/create-hmac/-/create-hmac-1.1.7.tgz",
			"integrity": "sha512-MJG9liiZ+ogc4TzUwuvbER1JRdgvUFSB5+VR/g5h82fGaIRWMWddtKBHi7/sVhfjQZ6SehlyhvQYrcYkaUIpLg==",
			"requires": {
				"cipher-base": "^1.0.3",
				"create-hash": "^1.1.0",
				"inherits": "^2.0.1",
				"ripemd160": "^2.0.0",
				"safe-buffer": "^5.0.1",
				"sha.js": "^2.4.8"
			}
		},
		"deferred-leveldown": {
			"version": "1.2.2",
			"resolved": "https://registry.npmjs.org/deferred-leveldown/-/deferred-leveldown-1.2.2.tgz",
			"integrity": "sha512-uukrWD2bguRtXilKt6cAWKyoXrTSMo5m7crUdLfWQmu8kIm88w3QZoUL+6nhpfKVmhHANER6Re3sKoNoZ3IKMA==",
			"requires": {
				"abstract-leveldown": "~2.6.0"
			}
		},
		"define-properties": {
			"version": "1.1.3",
			"resolved": "https://registry.npmjs.org/define-properties/-/define-properties-1.1.3.tgz",
			"integrity": "sha512-3MqfYKj2lLzdMSf8ZIZE/V+Zuy+BgD6f164e8K2w7dgnpKArBDerGYpM46IYYcjnkdPNMjPk9A6VFB8+3SKlXQ==",
			"requires": {
				"object-keys": "^1.0.12"
			},
			"dependencies": {
				"object-keys": {
					"version": "1.1.1",
					"resolved": "https://registry.npmjs.org/object-keys/-/object-keys-1.1.1.tgz",
					"integrity": "sha512-NuAESUOUMrlIXOfHKzD6bpPu3tYt3xvjNdRIQ+FeT0lNb4K8WR70CaDxhuNguS2XG+GjkyMwOzsN5ZktImfhLA=="
				}
			}
		},
		"elliptic": {
			"version": "6.5.3",
			"resolved": "https://registry.npmjs.org/elliptic/-/elliptic-6.5.3.tgz",
			"integrity": "sha512-IMqzv5wNQf+E6aHeIqATs0tOLeOTwj1QKbRcS3jBbYkl5oLAserA8yJTT7/VyHUYG91PRmPyeQDObKLPpeS4dw==",
			"requires": {
				"bn.js": "^4.4.0",
				"brorand": "^1.0.1",
				"hash.js": "^1.0.0",
				"hmac-drbg": "^1.0.0",
				"inherits": "^2.0.1",
				"minimalistic-assert": "^1.0.0",
				"minimalistic-crypto-utils": "^1.0.0"
			}
		},
		"emittery": {
			"version": "0.8.1",
			"resolved": "https://registry.npmjs.org/emittery/-/emittery-0.8.1.tgz",
			"integrity": "sha512-uDfvUjVrfGJJhymx/kz6prltenw1u7WrCg1oa94zYY8xxVpLLUu045LAT0dhDZdXG58/EpPL/5kA180fQ/qudg=="
		},
		"encoding-down": {
			"version": "5.0.4",
			"resolved": "https://registry.npmjs.org/encoding-down/-/encoding-down-5.0.4.tgz",
			"integrity": "sha512-8CIZLDcSKxgzT+zX8ZVfgNbu8Md2wq/iqa1Y7zyVR18QBEAc0Nmzuvj/N5ykSKpfGzjM8qxbaFntLPwnVoUhZw==",
			"requires": {
				"abstract-leveldown": "^5.0.0",
				"inherits": "^2.0.3",
				"level-codec": "^9.0.0",
				"level-errors": "^2.0.0",
				"xtend": "^4.0.1"
			},
			"dependencies": {
				"abstract-leveldown": {
					"version": "5.0.0",
					"resolved": "https://registry.npmjs.org/abstract-leveldown/-/abstract-leveldown-5.0.0.tgz",
					"integrity": "sha512-5mU5P1gXtsMIXg65/rsYGsi93+MlogXZ9FA8JnwKurHQg64bfXwGYVdVdijNTVNOlAsuIiOwHdvFFD5JqCJQ7A==",
					"requires": {
						"xtend": "~4.0.0"
					}
				},
				"level-codec": {
					"version": "9.0.2",
					"resolved": "https://registry.npmjs.org/level-codec/-/level-codec-9.0.2.tgz",
					"integrity": "sha512-UyIwNb1lJBChJnGfjmO0OR+ezh2iVu1Kas3nvBS/BzGnx79dv6g7unpKIDNPMhfdTEGoc7mC8uAu51XEtX+FHQ==",
					"requires": {
						"buffer": "^5.6.0"
					}
				},
				"level-errors": {
					"version": "2.0.1",
					"resolved": "https://registry.npmjs.org/level-errors/-/level-errors-2.0.1.tgz",
					"integrity": "sha512-UVprBJXite4gPS+3VznfgDSU8PTRuVX0NXwoWW50KLxd2yw4Y1t2JUR5In1itQnudZqRMT9DlAM3Q//9NCjCFw==",
					"requires": {
						"errno": "~0.1.1"
					}
				},
				"xtend": {
					"version": "4.0.2",
					"resolved": "https://registry.npmjs.org/xtend/-/xtend-4.0.2.tgz",
					"integrity": "sha512-LKYU1iAXJXUgAXn9URjiu+MWhyUXHsvfp7mcuYm9dSUKK0/CjtrUwFAxD82/mCWbtLsGjFIad0wIsod4zrTAEQ=="
				}
			}
		},
		"errno": {
			"version": "0.1.8",
			"resolved": "https://registry.npmjs.org/errno/-/errno-0.1.8.tgz",
			"integrity": "sha512-dJ6oBr5SQ1VSd9qkk7ByRgb/1SH4JZjCHSW/mr63/QcXO9zLVxvJ6Oy13nio03rxpSnVDDjFor75SjVeZWPW/A==",
			"requires": {
				"prr": "~1.0.1"
			}
		},
		"es-abstract": {
			"version": "1.18.0-next.1",
			"resolved": "https://registry.npmjs.org/es-abstract/-/es-abstract-1.18.0-next.1.tgz",
			"integrity": "sha512-I4UGspA0wpZXWENrdA0uHbnhte683t3qT/1VFH9aX2dA5PPSf6QW5HHXf5HImaqPmjXaVeVk4RGWnaylmV7uAA==",
			"requires": {
				"es-to-primitive": "^1.2.1",
				"function-bind": "^1.1.1",
				"has": "^1.0.3",
				"has-symbols": "^1.0.1",
				"is-callable": "^1.2.2",
				"is-negative-zero": "^2.0.0",
				"is-regex": "^1.1.1",
				"object-inspect": "^1.8.0",
				"object-keys": "^1.1.1",
				"object.assign": "^4.1.1",
				"string.prototype.trimend": "^1.0.1",
				"string.prototype.trimstart": "^1.0.1"
			},
			"dependencies": {
				"object-keys": {
					"version": "1.1.1",
					"resolved": "https://registry.npmjs.org/object-keys/-/object-keys-1.1.1.tgz",
					"integrity": "sha512-NuAESUOUMrlIXOfHKzD6bpPu3tYt3xvjNdRIQ+FeT0lNb4K8WR70CaDxhuNguS2XG+GjkyMwOzsN5ZktImfhLA=="
				}
			}
		},
		"es-to-primitive": {
			"version": "1.2.1",
			"resolved": "https://registry.npmjs.org/es-to-primitive/-/es-to-primitive-1.2.1.tgz",
			"integrity": "sha512-QCOllgZJtaUo9miYBcLChTUaHNjJF3PYs1VidD7AwiEj1kYxKeQTctLAezAOH5ZKRH0g2IgPn6KwB4IT8iRpvA==",
			"requires": {
				"is-callable": "^1.1.4",
				"is-date-object": "^1.0.1",
				"is-symbol": "^1.0.2"
			}
		},
		"ethashjs": {
			"version": "0.0.8",
			"resolved": "https://registry.npmjs.org/ethashjs/-/ethashjs-0.0.8.tgz",
			"integrity": "sha512-/MSbf/r2/Ld8o0l15AymjOTlPqpN8Cr4ByUEA9GtR4x0yAh3TdtDzEg29zMjXCNPI7u6E5fOQdj/Cf9Tc7oVNw==",
			"requires": {
				"async": "^2.1.2",
				"buffer-xor": "^2.0.1",
				"ethereumjs-util": "^7.0.2",
				"miller-rabin": "^4.0.0"
			},
			"dependencies": {
				"buffer-xor": {
					"version": "2.0.2",
					"resolved": "https://registry.npmjs.org/buffer-xor/-/buffer-xor-2.0.2.tgz",
					"integrity": "sha512-eHslX0bin3GB+Lx2p7lEYRShRewuNZL3fUl4qlVJGGiwoPGftmt8JQgk2Y9Ji5/01TnVDo33E5b5O3vUB1HdqQ==",
					"requires": {
						"safe-buffer": "^5.1.1"
					}
				}
			}
		},
		"ethereum-cryptography": {
			"version": "0.1.3",
			"resolved": "https://registry.npmjs.org/ethereum-cryptography/-/ethereum-cryptography-0.1.3.tgz",
			"integrity": "sha512-w8/4x1SGGzc+tO97TASLja6SLd3fRIK2tLVcV2Gx4IB21hE19atll5Cq9o3d0ZmAYC/8aw0ipieTSiekAea4SQ==",
			"requires": {
				"@types/pbkdf2": "^3.0.0",
				"@types/secp256k1": "^4.0.1",
				"blakejs": "^1.1.0",
				"browserify-aes": "^1.2.0",
				"bs58check": "^2.1.2",
				"create-hash": "^1.2.0",
				"create-hmac": "^1.1.7",
				"hash.js": "^1.1.7",
				"keccak": "^3.0.0",
				"pbkdf2": "^3.0.17",
				"randombytes": "^2.1.0",
				"safe-buffer": "^5.1.2",
				"scrypt-js": "^3.0.0",
				"secp256k1": "^4.0.1",
				"setimmediate": "^1.0.5"
			}
		},
		"ethereumjs-abi": {
			"version": "0.6.8",
			"resolved": "https://registry.npmjs.org/ethereumjs-abi/-/ethereumjs-abi-0.6.8.tgz",
			"integrity": "sha512-Tx0r/iXI6r+lRsdvkFDlut0N08jWMnKRZ6Gkq+Nmw75lZe4e6o3EkSnkaBP5NF6+m5PTGAr9JP43N3LyeoglsA==",
			"requires": {
				"bn.js": "^4.11.8",
				"ethereumjs-util": "^6.0.0"
			},
			"dependencies": {
				"ethereumjs-util": {
					"version": "6.2.1",
					"resolved": "https://registry.npmjs.org/ethereumjs-util/-/ethereumjs-util-6.2.1.tgz",
					"integrity": "sha512-W2Ktez4L01Vexijrm5EB6w7dg4n/TgpoYU4avuT5T3Vmnw/eCRtiBrJfQYS/DCSvDIOLn2k57GcHdeBcgVxAqw==",
					"requires": {
						"@types/bn.js": "^4.11.3",
						"bn.js": "^4.11.0",
						"create-hash": "^1.1.2",
						"elliptic": "^6.5.2",
						"ethereum-cryptography": "^0.1.3",
						"ethjs-util": "0.1.6",
						"rlp": "^2.2.3"
					}
				}
			}
		},
		"ethereumjs-account": {
			"version": "3.0.0",
			"resolved": "https://registry.npmjs.org/ethereumjs-account/-/ethereumjs-account-3.0.0.tgz",
			"integrity": "sha512-WP6BdscjiiPkQfF9PVfMcwx/rDvfZTjFKY0Uwc09zSQr9JfIVH87dYIJu0gNhBhpmovV4yq295fdllS925fnBA==",
			"requires": {
				"ethereumjs-util": "^6.0.0",
				"rlp": "^2.2.1",
				"safe-buffer": "^5.1.1"
			},
			"dependencies": {
				"ethereumjs-util": {
					"version": "6.2.1",
					"resolved": "https://registry.npmjs.org/ethereumjs-util/-/ethereumjs-util-6.2.1.tgz",
					"integrity": "sha512-W2Ktez4L01Vexijrm5EB6w7dg4n/TgpoYU4avuT5T3Vmnw/eCRtiBrJfQYS/DCSvDIOLn2k57GcHdeBcgVxAqw==",
					"requires": {
						"@types/bn.js": "^4.11.3",
						"bn.js": "^4.11.0",
						"create-hash": "^1.1.2",
						"elliptic": "^6.5.2",
						"ethereum-cryptography": "^0.1.3",
						"ethjs-util": "0.1.6",
						"rlp": "^2.2.3"
					}
				}
			}
		},
		"ethereumjs-block": {
			"version": "2.2.2",
			"resolved": "https://registry.npmjs.org/ethereumjs-block/-/ethereumjs-block-2.2.2.tgz",
			"integrity": "sha512-2p49ifhek3h2zeg/+da6XpdFR3GlqY3BIEiqxGF8j9aSRIgkb7M1Ky+yULBKJOu8PAZxfhsYA+HxUk2aCQp3vg==",
			"requires": {
				"async": "^2.0.1",
				"ethereumjs-common": "^1.5.0",
				"ethereumjs-tx": "^2.1.1",
				"ethereumjs-util": "^5.0.0",
				"merkle-patricia-tree": "^2.1.2"
			},
			"dependencies": {
				"ethereumjs-util": {
					"version": "5.2.1",
					"resolved": "https://registry.npmjs.org/ethereumjs-util/-/ethereumjs-util-5.2.1.tgz",
					"integrity": "sha512-v3kT+7zdyCm1HIqWlLNrHGqHGLpGYIhjeHxQjnDXjLT2FyGJDsd3LWMYUo7pAFRrk86CR3nUJfhC81CCoJNNGQ==",
					"requires": {
						"bn.js": "^4.11.0",
						"create-hash": "^1.1.2",
						"elliptic": "^6.5.2",
						"ethereum-cryptography": "^0.1.3",
						"ethjs-util": "^0.1.3",
						"rlp": "^2.0.0",
						"safe-buffer": "^5.1.1"
					}
				}
			}
		},
		"ethereumjs-blockchain": {
			"version": "4.0.4",
			"resolved": "https://registry.npmjs.org/ethereumjs-blockchain/-/ethereumjs-blockchain-4.0.4.tgz",
			"integrity": "sha512-zCxaRMUOzzjvX78DTGiKjA+4h2/sF0OYL1QuPux0DHpyq8XiNoF5GYHtb++GUxVlMsMfZV7AVyzbtgcRdIcEPQ==",
			"requires": {
				"async": "^2.6.1",
				"ethashjs": "~0.0.7",
				"ethereumjs-block": "~2.2.2",
				"ethereumjs-common": "^1.5.0",
				"ethereumjs-util": "^6.1.0",
				"flow-stoplight": "^1.0.0",
				"level-mem": "^3.0.1",
				"lru-cache": "^5.1.1",
				"rlp": "^2.2.2",
				"semaphore": "^1.1.0"
			},
			"dependencies": {
				"ethereumjs-util": {
					"version": "6.2.1",
					"resolved": "https://registry.npmjs.org/ethereumjs-util/-/ethereumjs-util-6.2.1.tgz",
					"integrity": "sha512-W2Ktez4L01Vexijrm5EB6w7dg4n/TgpoYU4avuT5T3Vmnw/eCRtiBrJfQYS/DCSvDIOLn2k57GcHdeBcgVxAqw==",
					"requires": {
						"@types/bn.js": "^4.11.3",
						"bn.js": "^4.11.0",
						"create-hash": "^1.1.2",
						"elliptic": "^6.5.2",
						"ethereum-cryptography": "^0.1.3",
						"ethjs-util": "0.1.6",
						"rlp": "^2.2.3"
					}
				}
			}
		},
		"ethereumjs-common": {
			"version": "1.5.2",
			"resolved": "https://registry.npmjs.org/ethereumjs-common/-/ethereumjs-common-1.5.2.tgz",
			"integrity": "sha512-hTfZjwGX52GS2jcVO6E2sx4YuFnf0Fhp5ylo4pEPhEffNln7vS59Hr5sLnp3/QCazFLluuBZ+FZ6J5HTp0EqCA=="
		},
		"ethereumjs-tx": {
			"version": "2.1.2",
			"resolved": "https://registry.npmjs.org/ethereumjs-tx/-/ethereumjs-tx-2.1.2.tgz",
			"integrity": "sha512-zZEK1onCeiORb0wyCXUvg94Ve5It/K6GD1K+26KfFKodiBiS6d9lfCXlUKGBBdQ+bv7Day+JK0tj1K+BeNFRAw==",
			"requires": {
				"ethereumjs-common": "^1.5.0",
				"ethereumjs-util": "^6.0.0"
			},
			"dependencies": {
				"ethereumjs-util": {
					"version": "6.2.1",
					"resolved": "https://registry.npmjs.org/ethereumjs-util/-/ethereumjs-util-6.2.1.tgz",
					"integrity": "sha512-W2Ktez4L01Vexijrm5EB6w7dg4n/TgpoYU4avuT5T3Vmnw/eCRtiBrJfQYS/DCSvDIOLn2k57GcHdeBcgVxAqw==",
					"requires": {
						"@types/bn.js": "^4.11.3",
						"bn.js": "^4.11.0",
						"create-hash": "^1.1.2",
						"elliptic": "^6.5.2",
						"ethereum-cryptography": "^0.1.3",
						"ethjs-util": "0.1.6",
						"rlp": "^2.2.3"
					}
				}
			}
		},
		"ethereumjs-util": {
			"version": "7.0.7",
			"resolved": "https://registry.npmjs.org/ethereumjs-util/-/ethereumjs-util-7.0.7.tgz",
			"integrity": "sha512-vU5rtZBlZsgkTw3o6PDKyB8li2EgLavnAbsKcfsH2YhHH1Le+PP8vEiMnAnvgc1B6uMoaM5GDCrVztBw0Q5K9g==",
			"requires": {
				"@types/bn.js": "^4.11.3",
				"bn.js": "^5.1.2",
				"create-hash": "^1.1.2",
				"ethereum-cryptography": "^0.1.3",
				"ethjs-util": "0.1.6",
				"rlp": "^2.2.4"
			},
			"dependencies": {
				"bn.js": {
					"version": "5.1.3",
					"resolved": "https://registry.npmjs.org/bn.js/-/bn.js-5.1.3.tgz",
					"integrity": "sha512-GkTiFpjFtUzU9CbMeJ5iazkCzGL3jrhzerzZIuqLABjbwRaFt33I9tUdSNryIptM+RxDet6OKm2WnLXzW51KsQ=="
				}
			}
		},
		"ethereumjs-vm": {
			"version": "4.2.0",
			"resolved": "https://registry.npmjs.org/ethereumjs-vm/-/ethereumjs-vm-4.2.0.tgz",
			"integrity": "sha512-X6qqZbsY33p5FTuZqCnQ4+lo957iUJMM6Mpa6bL4UW0dxM6WmDSHuI4j/zOp1E2TDKImBGCJA9QPfc08PaNubA==",
			"requires": {
				"async": "^2.1.2",
				"async-eventemitter": "^0.2.2",
				"core-js-pure": "^3.0.1",
				"ethereumjs-account": "^3.0.0",
				"ethereumjs-block": "^2.2.2",
				"ethereumjs-blockchain": "^4.0.3",
				"ethereumjs-common": "^1.5.0",
				"ethereumjs-tx": "^2.1.2",
				"ethereumjs-util": "^6.2.0",
				"fake-merkle-patricia-tree": "^1.0.1",
				"functional-red-black-tree": "^1.0.1",
				"merkle-patricia-tree": "^2.3.2",
				"rustbn.js": "~0.2.0",
				"safe-buffer": "^5.1.1",
				"util.promisify": "^1.0.0"
			},
			"dependencies": {
				"ethereumjs-util": {
					"version": "6.2.1",
					"resolved": "https://registry.npmjs.org/ethereumjs-util/-/ethereumjs-util-6.2.1.tgz",
					"integrity": "sha512-W2Ktez4L01Vexijrm5EB6w7dg4n/TgpoYU4avuT5T3Vmnw/eCRtiBrJfQYS/DCSvDIOLn2k57GcHdeBcgVxAqw==",
					"requires": {
						"@types/bn.js": "^4.11.3",
						"bn.js": "^4.11.0",
						"create-hash": "^1.1.2",
						"elliptic": "^6.5.2",
						"ethereum-cryptography": "^0.1.3",
						"ethjs-util": "0.1.6",
						"rlp": "^2.2.3"
					}
				}
			}
		},
		"ethjs-util": {
			"version": "0.1.6",
			"resolved": "https://registry.npmjs.org/ethjs-util/-/ethjs-util-0.1.6.tgz",
			"integrity": "sha512-CUnVOQq7gSpDHZVVrQW8ExxUETWrnrvXYvYz55wOU8Uj4VCgw56XC2B/fVqQN+f7gmrnRHSLVnFAwsCuNwji8w==",
			"requires": {
				"is-hex-prefixed": "1.0.0",
				"strip-hex-prefix": "1.0.0"
			}
		},
		"evp_bytestokey": {
			"version": "1.0.3",
			"resolved": "https://registry.npmjs.org/evp_bytestokey/-/evp_bytestokey-1.0.3.tgz",
			"integrity": "sha512-/f2Go4TognH/KvCISP7OUsHn85hT9nUkxxA9BEWxFn+Oj9o8ZNLm/40hdlgSLyuOimsrTKLUMEorQexp/aPQeA==",
			"requires": {
				"md5.js": "^1.3.4",
				"safe-buffer": "^5.1.1"
			}
		},
		"fake-merkle-patricia-tree": {
			"version": "1.0.1",
			"resolved": "https://registry.npmjs.org/fake-merkle-patricia-tree/-/fake-merkle-patricia-tree-1.0.1.tgz",
			"integrity": "sha1-S4w6z7Ugr635hgsfFM2M40As3dM=",
			"requires": {
				"checkpoint-store": "^1.1.0"
			}
		},
		"flow-stoplight": {
			"version": "1.0.0",
			"resolved": "https://registry.npmjs.org/flow-stoplight/-/flow-stoplight-1.0.0.tgz",
			"integrity": "sha1-SiksW8/4s5+mzAyxqFPYbyfu/3s="
		},
		"for-each": {
			"version": "0.3.3",
			"resolved": "https://registry.npmjs.org/for-each/-/for-each-0.3.3.tgz",
			"integrity": "sha512-jqYfLp7mo9vIyQf8ykW2v7A+2N4QjeCeI5+Dz9XraiO1ign81wjiH7Fb9vSOWvQfNtmSa4H2RoQTrrXivdUZmw==",
			"requires": {
				"is-callable": "^1.1.3"
			}
		},
		"function-bind": {
			"version": "1.1.1",
			"resolved": "https://registry.npmjs.org/function-bind/-/function-bind-1.1.1.tgz",
			"integrity": "sha512-yIovAzMX49sF8Yl58fSCWJ5svSLuaibPxXQJFLmBObTuCr0Mf1KiPopGM9NiFjiYBCbfaa2Fh6breQ6ANVTI0A=="
		},
		"functional-red-black-tree": {
			"version": "1.0.1",
			"resolved": "https://registry.npmjs.org/functional-red-black-tree/-/functional-red-black-tree-1.0.1.tgz",
			"integrity": "sha1-GwqzvVU7Kg1jmdKcDj6gslIHgyc="
		},
		"get-intrinsic": {
			"version": "1.0.2",
			"resolved": "https://registry.npmjs.org/get-intrinsic/-/get-intrinsic-1.0.2.tgz",
			"integrity": "sha512-aeX0vrFm21ILl3+JpFFRNe9aUvp6VFZb2/CTbgLb8j75kOhvoNYjt9d8KA/tJG4gSo8nzEDedRl0h7vDmBYRVg==",
			"requires": {
				"function-bind": "^1.1.1",
				"has": "^1.0.3",
				"has-symbols": "^1.0.1"
			}
		},
		"has": {
			"version": "1.0.3",
			"resolved": "https://registry.npmjs.org/has/-/has-1.0.3.tgz",
			"integrity": "sha512-f2dvO0VU6Oej7RkWJGrehjbzMAjFp5/VKPp5tTpWIV4JHHZK1/BxbFRtf/siA2SWTe09caDmVtYYzWEIbBS4zw==",
			"requires": {
				"function-bind": "^1.1.1"
			}
		},
		"has-symbols": {
			"version": "1.0.1",
			"resolved": "https://registry.npmjs.org/has-symbols/-/has-symbols-1.0.1.tgz",
			"integrity": "sha512-PLcsoqu++dmEIZB+6totNFKq/7Do+Z0u4oT0zKOJNl3lYK6vGwwu2hjHs+68OEZbTjiUE9bgOABXbP/GvrS0Kg=="
		},
		"hash-base": {
			"version": "3.1.0",
			"resolved": "https://registry.npmjs.org/hash-base/-/hash-base-3.1.0.tgz",
			"integrity": "sha512-1nmYp/rhMDiE7AYkDw+lLwlAzz0AntGIe51F3RfFfEqyQ3feY2eI/NcwC6umIQVOASPMsWJLJScWKSSvzL9IVA==",
			"requires": {
				"inherits": "^2.0.4",
				"readable-stream": "^3.6.0",
				"safe-buffer": "^5.2.0"
			}
		},
		"hash.js": {
			"version": "1.1.7",
			"resolved": "https://registry.npmjs.org/hash.js/-/hash.js-1.1.7.tgz",
			"integrity": "sha512-taOaskGt4z4SOANNseOviYDvjEJinIkRgmp7LbKP2YTTmVxWBl87s/uzK9r+44BclBSp2X7K1hqeNfz9JbBeXA==",
			"requires": {
				"inherits": "^2.0.3",
				"minimalistic-assert": "^1.0.1"
			}
		},
		"hmac-drbg": {
			"version": "1.0.1",
			"resolved": "https://registry.npmjs.org/hmac-drbg/-/hmac-drbg-1.0.1.tgz",
			"integrity": "sha1-0nRXAQJabHdabFRXk+1QL8DGSaE=",
			"requires": {
				"hash.js": "^1.0.3",
				"minimalistic-assert": "^1.0.0",
				"minimalistic-crypto-utils": "^1.0.1"
			}
		},
		"ieee754": {
			"version": "1.2.1",
			"resolved": "https://registry.npmjs.org/ieee754/-/ieee754-1.2.1.tgz",
			"integrity": "sha512-dcyqhDvX1C46lXZcVqCpK+FtMRQVdIMN6/Df5js2zouUsqG7I6sFxitIC+7KYK29KdXOLHdu9zL4sFnoVQnqaA=="
		},
		"immediate": {
			"version": "3.3.0",
			"resolved": "https://registry.npmjs.org/immediate/-/immediate-3.3.0.tgz",
			"integrity": "sha512-HR7EVodfFUdQCTIeySw+WDRFJlPcLOJbXfwwZ7Oom6tjsvZ3bOkCDJHehQC3nxJrv7+f9XecwazynjU8e4Vw3Q=="
		},
		"inherits": {
			"version": "2.0.4",
			"resolved": "https://registry.npmjs.org/inherits/-/inherits-2.0.4.tgz",
			"integrity": "sha512-k/vGaX4/Yla3WzyMCvTQOXYeIHvqOKtnqBduzTHpzpQZzAskKMhZ2K+EnBiSM9zGSoIFeMpXKxa4dYeZIQqewQ=="
		},
		"is-callable": {
			"version": "1.2.2",
			"resolved": "https://registry.npmjs.org/is-callable/-/is-callable-1.2.2.tgz",
			"integrity": "sha512-dnMqspv5nU3LoewK2N/y7KLtxtakvTuaCsU9FU50/QDmdbHNy/4/JuRtMHqRU22o3q+W89YQndQEeCVwK+3qrA=="
		},
		"is-date-object": {
			"version": "1.0.2",
			"resolved": "https://registry.npmjs.org/is-date-object/-/is-date-object-1.0.2.tgz",
			"integrity": "sha512-USlDT524woQ08aoZFzh3/Z6ch9Y/EWXEHQ/AaRN0SkKq4t2Jw2R2339tSXmwuVoY7LLlBCbOIlx2myP/L5zk0g=="
		},
		"is-hex-prefixed": {
			"version": "1.0.0",
			"resolved": "https://registry.npmjs.org/is-hex-prefixed/-/is-hex-prefixed-1.0.0.tgz",
			"integrity": "sha1-fY035q135dEnFIkTxXPggtd39VQ="
		},
		"is-negative-zero": {
			"version": "2.0.1",
			"resolved": "https://registry.npmjs.org/is-negative-zero/-/is-negative-zero-2.0.1.tgz",
			"integrity": "sha512-2z6JzQvZRa9A2Y7xC6dQQm4FSTSTNWjKIYYTt4246eMTJmIo0Q+ZyOsU66X8lxK1AbB92dFeglPLrhwpeRKO6w=="
		},
		"is-regex": {
			"version": "1.1.1",
			"resolved": "https://registry.npmjs.org/is-regex/-/is-regex-1.1.1.tgz",
			"integrity": "sha512-1+QkEcxiLlB7VEyFtyBg94e08OAsvq7FUBgApTq/w2ymCLyKJgDPsybBENVtA7XCQEgEXxKPonG+mvYRxh/LIg==",
			"requires": {
				"has-symbols": "^1.0.1"
			}
		},
		"is-symbol": {
			"version": "1.0.3",
			"resolved": "https://registry.npmjs.org/is-symbol/-/is-symbol-1.0.3.tgz",
			"integrity": "sha512-OwijhaRSgqvhm/0ZdAcXNZt9lYdKFpcRDT5ULUuYXPoT794UNOdU+gpT6Rzo7b4V2HUl/op6GqY894AZwv9faQ==",
			"requires": {
				"has-symbols": "^1.0.1"
			}
		},
		"isarray": {
			"version": "0.0.1",
			"resolved": "https://registry.npmjs.org/isarray/-/isarray-0.0.1.tgz",
			"integrity": "sha1-ihis/Kmo9Bd+Cav8YDiTmwXR7t8="
		},
		"keccak": {
			"version": "3.0.1",
			"resolved": "https://registry.npmjs.org/keccak/-/keccak-3.0.1.tgz",
			"integrity": "sha512-epq90L9jlFWCW7+pQa6JOnKn2Xgl2mtI664seYR6MHskvI9agt7AnDqmAlp9TqU4/caMYbA08Hi5DMZAl5zdkA==",
			"requires": {
				"node-addon-api": "^2.0.0",
				"node-gyp-build": "^4.2.0"
			}
		},
		"level-codec": {
			"version": "7.0.1",
			"resolved": "https://registry.npmjs.org/level-codec/-/level-codec-7.0.1.tgz",
			"integrity": "sha512-Ua/R9B9r3RasXdRmOtd+t9TCOEIIlts+TN/7XTT2unhDaL6sJn83S3rUyljbr6lVtw49N3/yA0HHjpV6Kzb2aQ=="
		},
		"level-errors": {
			"version": "1.0.5",
			"resolved": "https://registry.npmjs.org/level-errors/-/level-errors-1.0.5.tgz",
			"integrity": "sha512-/cLUpQduF6bNrWuAC4pwtUKA5t669pCsCi2XbmojG2tFeOr9j6ShtdDCtFFQO1DRt+EVZhx9gPzP9G2bUaG4ig==",
			"requires": {
				"errno": "~0.1.1"
			}
		},
		"level-iterator-stream": {
			"version": "1.3.1",
			"resolved": "https://registry.npmjs.org/level-iterator-stream/-/level-iterator-stream-1.3.1.tgz",
			"integrity": "sha1-5Dt4sagUPm+pek9IXrjqUwNS8u0=",
			"requires": {
				"inherits": "^2.0.1",
				"level-errors": "^1.0.3",
				"readable-stream": "^1.0.33",
				"xtend": "^4.0.0"
			},
			"dependencies": {
				"readable-stream": {
					"version": "1.1.14",
					"resolved": "https://registry.npmjs.org/readable-stream/-/readable-stream-1.1.14.tgz",
					"integrity": "sha1-fPTFTvZI44EwhMY23SB54WbAgdk=",
					"requires": {
						"core-util-is": "~1.0.0",
						"inherits": "~2.0.1",
						"isarray": "0.0.1",
						"string_decoder": "~0.10.x"
					}
				},
				"string_decoder": {
					"version": "0.10.31",
					"resolved": "https://registry.npmjs.org/string_decoder/-/string_decoder-0.10.31.tgz",
					"integrity": "sha1-YuIDvEF2bGwoyfyEMB2rHFMQ+pQ="
				},
				"xtend": {
					"version": "4.0.2",
					"resolved": "https://registry.npmjs.org/xtend/-/xtend-4.0.2.tgz",
					"integrity": "sha512-LKYU1iAXJXUgAXn9URjiu+MWhyUXHsvfp7mcuYm9dSUKK0/CjtrUwFAxD82/mCWbtLsGjFIad0wIsod4zrTAEQ=="
				}
			}
		},
		"level-mem": {
			"version": "3.0.1",
			"resolved": "https://registry.npmjs.org/level-mem/-/level-mem-3.0.1.tgz",
			"integrity": "sha512-LbtfK9+3Ug1UmvvhR2DqLqXiPW1OJ5jEh0a3m9ZgAipiwpSxGj/qaVVy54RG5vAQN1nCuXqjvprCuKSCxcJHBg==",
			"requires": {
				"level-packager": "~4.0.0",
				"memdown": "~3.0.0"
			},
			"dependencies": {
				"abstract-leveldown": {
					"version": "5.0.0",
					"resolved": "https://registry.npmjs.org/abstract-leveldown/-/abstract-leveldown-5.0.0.tgz",
					"integrity": "sha512-5mU5P1gXtsMIXg65/rsYGsi93+MlogXZ9FA8JnwKurHQg64bfXwGYVdVdijNTVNOlAsuIiOwHdvFFD5JqCJQ7A==",
					"requires": {
						"xtend": "~4.0.0"
					}
				},
				"immediate": {
					"version": "3.2.3",
					"resolved": "https://registry.npmjs.org/immediate/-/immediate-3.2.3.tgz",
					"integrity": "sha1-0UD6j2FGWb1lQSMwl92qwlzdmRw="
				},
				"memdown": {
					"version": "3.0.0",
					"resolved": "https://registry.npmjs.org/memdown/-/memdown-3.0.0.tgz",
					"integrity": "sha512-tbV02LfZMWLcHcq4tw++NuqMO+FZX8tNJEiD2aNRm48ZZusVg5N8NART+dmBkepJVye986oixErf7jfXboMGMA==",
					"requires": {
						"abstract-leveldown": "~5.0.0",
						"functional-red-black-tree": "~1.0.1",
						"immediate": "~3.2.3",
						"inherits": "~2.0.1",
						"ltgt": "~2.2.0",
						"safe-buffer": "~5.1.1"
					}
				},
				"safe-buffer": {
					"version": "5.1.2",
					"resolved": "https://registry.npmjs.org/safe-buffer/-/safe-buffer-5.1.2.tgz",
					"integrity": "sha512-Gd2UZBJDkXlY7GbJxfsE8/nvKkUEU1G38c1siN6QP6a9PT9MmHB8GnpscSmMJSoF8LOIrt8ud/wPtojys4G6+g=="
				},
				"xtend": {
					"version": "4.0.2",
					"resolved": "https://registry.npmjs.org/xtend/-/xtend-4.0.2.tgz",
					"integrity": "sha512-LKYU1iAXJXUgAXn9URjiu+MWhyUXHsvfp7mcuYm9dSUKK0/CjtrUwFAxD82/mCWbtLsGjFIad0wIsod4zrTAEQ=="
				}
			}
		},
		"level-packager": {
			"version": "4.0.1",
			"resolved": "https://registry.npmjs.org/level-packager/-/level-packager-4.0.1.tgz",
			"integrity": "sha512-svCRKfYLn9/4CoFfi+d8krOtrp6RoX8+xm0Na5cgXMqSyRru0AnDYdLl+YI8u1FyS6gGZ94ILLZDE5dh2but3Q==",
			"requires": {
				"encoding-down": "~5.0.0",
				"levelup": "^3.0.0"
			},
			"dependencies": {
				"abstract-leveldown": {
					"version": "5.0.0",
					"resolved": "https://registry.npmjs.org/abstract-leveldown/-/abstract-leveldown-5.0.0.tgz",
					"integrity": "sha512-5mU5P1gXtsMIXg65/rsYGsi93+MlogXZ9FA8JnwKurHQg64bfXwGYVdVdijNTVNOlAsuIiOwHdvFFD5JqCJQ7A==",
					"requires": {
						"xtend": "~4.0.0"
					}
				},
				"deferred-leveldown": {
					"version": "4.0.2",
					"resolved": "https://registry.npmjs.org/deferred-leveldown/-/deferred-leveldown-4.0.2.tgz",
					"integrity": "sha512-5fMC8ek8alH16QiV0lTCis610D1Zt1+LA4MS4d63JgS32lrCjTFDUFz2ao09/j2I4Bqb5jL4FZYwu7Jz0XO1ww==",
					"requires": {
						"abstract-leveldown": "~5.0.0",
						"inherits": "^2.0.3"
					}
				},
				"isarray": {
					"version": "1.0.0",
					"resolved": "https://registry.npmjs.org/isarray/-/isarray-1.0.0.tgz",
					"integrity": "sha1-u5NdSFgsuhaMBoNJV6VKPgcSTxE="
				},
				"level-errors": {
					"version": "2.0.1",
					"resolved": "https://registry.npmjs.org/level-errors/-/level-errors-2.0.1.tgz",
					"integrity": "sha512-UVprBJXite4gPS+3VznfgDSU8PTRuVX0NXwoWW50KLxd2yw4Y1t2JUR5In1itQnudZqRMT9DlAM3Q//9NCjCFw==",
					"requires": {
						"errno": "~0.1.1"
					}
				},
				"level-iterator-stream": {
					"version": "3.0.1",
					"resolved": "https://registry.npmjs.org/level-iterator-stream/-/level-iterator-stream-3.0.1.tgz",
					"integrity": "sha512-nEIQvxEED9yRThxvOrq8Aqziy4EGzrxSZK+QzEFAVuJvQ8glfyZ96GB6BoI4sBbLfjMXm2w4vu3Tkcm9obcY0g==",
					"requires": {
						"inherits": "^2.0.1",
						"readable-stream": "^2.3.6",
						"xtend": "^4.0.0"
					}
				},
				"levelup": {
					"version": "3.1.1",
					"resolved": "https://registry.npmjs.org/levelup/-/levelup-3.1.1.tgz",
					"integrity": "sha512-9N10xRkUU4dShSRRFTBdNaBxofz+PGaIZO962ckboJZiNmLuhVT6FZ6ZKAsICKfUBO76ySaYU6fJWX/jnj3Lcg==",
					"requires": {
						"deferred-leveldown": "~4.0.0",
						"level-errors": "~2.0.0",
						"level-iterator-stream": "~3.0.0",
						"xtend": "~4.0.0"
					}
				},
				"readable-stream": {
					"version": "2.3.7",
					"resolved": "https://registry.npmjs.org/readable-stream/-/readable-stream-2.3.7.tgz",
					"integrity": "sha512-Ebho8K4jIbHAxnuxi7o42OrZgF/ZTNcsZj6nRKyUmkhLFq8CHItp/fy6hQZuZmP/n3yZ9VBUbp4zz/mX8hmYPw==",
					"requires": {
						"core-util-is": "~1.0.0",
						"inherits": "~2.0.3",
						"isarray": "~1.0.0",
						"process-nextick-args": "~2.0.0",
						"safe-buffer": "~5.1.1",
						"string_decoder": "~1.1.1",
						"util-deprecate": "~1.0.1"
					}
				},
				"safe-buffer": {
					"version": "5.1.2",
					"resolved": "https://registry.npmjs.org/safe-buffer/-/safe-buffer-5.1.2.tgz",
					"integrity": "sha512-Gd2UZBJDkXlY7GbJxfsE8/nvKkUEU1G38c1siN6QP6a9PT9MmHB8GnpscSmMJSoF8LOIrt8ud/wPtojys4G6+g=="
				},
				"string_decoder": {
					"version": "1.1.1",
					"resolved": "https://registry.npmjs.org/string_decoder/-/string_decoder-1.1.1.tgz",
					"integrity": "sha512-n/ShnvDi6FHbbVfviro+WojiFzv+s8MPMHBczVePfUpDJLwoLT0ht1l4YwBCbi8pJAveEEdnkHyPyTP/mzRfwg==",
					"requires": {
						"safe-buffer": "~5.1.0"
					}
				},
				"xtend": {
					"version": "4.0.2",
					"resolved": "https://registry.npmjs.org/xtend/-/xtend-4.0.2.tgz",
					"integrity": "sha512-LKYU1iAXJXUgAXn9URjiu+MWhyUXHsvfp7mcuYm9dSUKK0/CjtrUwFAxD82/mCWbtLsGjFIad0wIsod4zrTAEQ=="
				}
			}
		},
		"level-ws": {
			"version": "0.0.0",
			"resolved": "https://registry.npmjs.org/level-ws/-/level-ws-0.0.0.tgz",
			"integrity": "sha1-Ny5RIXeSSgBCSwtDrvK7QkltIos=",
			"requires": {
				"readable-stream": "~1.0.15",
				"xtend": "~2.1.1"
			},
			"dependencies": {
				"readable-stream": {
					"version": "1.0.34",
					"resolved": "https://registry.npmjs.org/readable-stream/-/readable-stream-1.0.34.tgz",
					"integrity": "sha1-Elgg40vIQtLyqq+v5MKRbuMsFXw=",
					"requires": {
						"core-util-is": "~1.0.0",
						"inherits": "~2.0.1",
						"isarray": "0.0.1",
						"string_decoder": "~0.10.x"
					}
				},
				"string_decoder": {
					"version": "0.10.31",
					"resolved": "https://registry.npmjs.org/string_decoder/-/string_decoder-0.10.31.tgz",
					"integrity": "sha1-YuIDvEF2bGwoyfyEMB2rHFMQ+pQ="
				}
			}
		},
		"levelup": {
			"version": "1.3.9",
			"resolved": "https://registry.npmjs.org/levelup/-/levelup-1.3.9.tgz",
			"integrity": "sha512-VVGHfKIlmw8w1XqpGOAGwq6sZm2WwWLmlDcULkKWQXEA5EopA8OBNJ2Ck2v6bdk8HeEZSbCSEgzXadyQFm76sQ==",
			"requires": {
				"deferred-leveldown": "~1.2.1",
				"level-codec": "~7.0.0",
				"level-errors": "~1.0.3",
				"level-iterator-stream": "~1.3.0",
				"prr": "~1.0.1",
				"semver": "~5.4.1",
				"xtend": "~4.0.0"
			},
			"dependencies": {
				"xtend": {
					"version": "4.0.2",
					"resolved": "https://registry.npmjs.org/xtend/-/xtend-4.0.2.tgz",
					"integrity": "sha512-LKYU1iAXJXUgAXn9URjiu+MWhyUXHsvfp7mcuYm9dSUKK0/CjtrUwFAxD82/mCWbtLsGjFIad0wIsod4zrTAEQ=="
				}
			}
		},
		"lodash": {
			"version": "4.17.20",
			"resolved": "https://registry.npmjs.org/lodash/-/lodash-4.17.20.tgz",
			"integrity": "sha512-PlhdFcillOINfeV7Ni6oF1TAEayyZBoZ8bcshTHqOYJYlrqzRK5hagpagky5o4HfCzzd1TRkXPMFq6cKk9rGmA=="
		},
		"lru-cache": {
			"version": "5.1.1",
			"resolved": "https://registry.npmjs.org/lru-cache/-/lru-cache-5.1.1.tgz",
			"integrity": "sha512-KpNARQA3Iwv+jTA0utUVVbrh+Jlrr1Fv0e56GGzAFOXN7dk/FviaDW8LHmK52DlcH4WP2n6gI8vN1aesBFgo9w==",
			"requires": {
				"yallist": "^3.0.2"
			}
		},
		"ltgt": {
			"version": "2.2.1",
			"resolved": "https://registry.npmjs.org/ltgt/-/ltgt-2.2.1.tgz",
			"integrity": "sha1-81ypHEk/e3PaDgdJUwTxezH4fuU="
		},
		"md5.js": {
			"version": "1.3.5",
			"resolved": "https://registry.npmjs.org/md5.js/-/md5.js-1.3.5.tgz",
			"integrity": "sha512-xitP+WxNPcTTOgnTJcrhM0xvdPepipPSf3I8EIpGKeFLjt3PlJLIDG3u8EX53ZIubkb+5U2+3rELYpEhHhzdkg==",
			"requires": {
				"hash-base": "^3.0.0",
				"inherits": "^2.0.1",
				"safe-buffer": "^5.1.2"
			}
		},
		"memdown": {
			"version": "1.4.1",
			"resolved": "https://registry.npmjs.org/memdown/-/memdown-1.4.1.tgz",
			"integrity": "sha1-tOThkhdGZP+65BNhqlAPMRnv4hU=",
			"requires": {
				"abstract-leveldown": "~2.7.1",
				"functional-red-black-tree": "^1.0.1",
				"immediate": "^3.2.3",
				"inherits": "~2.0.1",
				"ltgt": "~2.2.0",
				"safe-buffer": "~5.1.1"
			},
			"dependencies": {
				"abstract-leveldown": {
					"version": "2.7.2",
					"resolved": "https://registry.npmjs.org/abstract-leveldown/-/abstract-leveldown-2.7.2.tgz",
					"integrity": "sha512-+OVvxH2rHVEhWLdbudP6p0+dNMXu8JA1CbhP19T8paTYAcX7oJ4OVjT+ZUVpv7mITxXHqDMej+GdqXBmXkw09w==",
					"requires": {
						"xtend": "~4.0.0"
					}
				},
				"safe-buffer": {
					"version": "5.1.2",
					"resolved": "https://registry.npmjs.org/safe-buffer/-/safe-buffer-5.1.2.tgz",
					"integrity": "sha512-Gd2UZBJDkXlY7GbJxfsE8/nvKkUEU1G38c1siN6QP6a9PT9MmHB8GnpscSmMJSoF8LOIrt8ud/wPtojys4G6+g=="
				},
				"xtend": {
					"version": "4.0.2",
					"resolved": "https://registry.npmjs.org/xtend/-/xtend-4.0.2.tgz",
					"integrity": "sha512-LKYU1iAXJXUgAXn9URjiu+MWhyUXHsvfp7mcuYm9dSUKK0/CjtrUwFAxD82/mCWbtLsGjFIad0wIsod4zrTAEQ=="
				}
			}
		},
		"merkle-patricia-tree": {
			"version": "2.3.2",
			"resolved": "https://registry.npmjs.org/merkle-patricia-tree/-/merkle-patricia-tree-2.3.2.tgz",
			"integrity": "sha512-81PW5m8oz/pz3GvsAwbauj7Y00rqm81Tzad77tHBwU7pIAtN+TJnMSOJhxBKflSVYhptMMb9RskhqHqrSm1V+g==",
			"requires": {
				"async": "^1.4.2",
				"ethereumjs-util": "^5.0.0",
				"level-ws": "0.0.0",
				"levelup": "^1.2.1",
				"memdown": "^1.0.0",
				"readable-stream": "^2.0.0",
				"rlp": "^2.0.0",
				"semaphore": ">=1.0.1"
			},
			"dependencies": {
				"async": {
					"version": "1.5.2",
					"resolved": "https://registry.npmjs.org/async/-/async-1.5.2.tgz",
					"integrity": "sha1-7GphrlZIDAw8skHJVhjiCJL5Zyo="
				},
				"ethereumjs-util": {
					"version": "5.2.1",
					"resolved": "https://registry.npmjs.org/ethereumjs-util/-/ethereumjs-util-5.2.1.tgz",
					"integrity": "sha512-v3kT+7zdyCm1HIqWlLNrHGqHGLpGYIhjeHxQjnDXjLT2FyGJDsd3LWMYUo7pAFRrk86CR3nUJfhC81CCoJNNGQ==",
					"requires": {
						"bn.js": "^4.11.0",
						"create-hash": "^1.1.2",
						"elliptic": "^6.5.2",
						"ethereum-cryptography": "^0.1.3",
						"ethjs-util": "^0.1.3",
						"rlp": "^2.0.0",
						"safe-buffer": "^5.1.1"
					}
				},
				"isarray": {
					"version": "1.0.0",
					"resolved": "https://registry.npmjs.org/isarray/-/isarray-1.0.0.tgz",
					"integrity": "sha1-u5NdSFgsuhaMBoNJV6VKPgcSTxE="
				},
				"readable-stream": {
					"version": "2.3.7",
					"resolved": "https://registry.npmjs.org/readable-stream/-/readable-stream-2.3.7.tgz",
					"integrity": "sha512-Ebho8K4jIbHAxnuxi7o42OrZgF/ZTNcsZj6nRKyUmkhLFq8CHItp/fy6hQZuZmP/n3yZ9VBUbp4zz/mX8hmYPw==",
					"requires": {
						"core-util-is": "~1.0.0",
						"inherits": "~2.0.3",
						"isarray": "~1.0.0",
						"process-nextick-args": "~2.0.0",
						"safe-buffer": "~5.1.1",
						"string_decoder": "~1.1.1",
						"util-deprecate": "~1.0.1"
					},
					"dependencies": {
						"safe-buffer": {
							"version": "5.1.2",
							"resolved": "https://registry.npmjs.org/safe-buffer/-/safe-buffer-5.1.2.tgz",
							"integrity": "sha512-Gd2UZBJDkXlY7GbJxfsE8/nvKkUEU1G38c1siN6QP6a9PT9MmHB8GnpscSmMJSoF8LOIrt8ud/wPtojys4G6+g=="
						}
					}
				},
				"string_decoder": {
					"version": "1.1.1",
					"resolved": "https://registry.npmjs.org/string_decoder/-/string_decoder-1.1.1.tgz",
					"integrity": "sha512-n/ShnvDi6FHbbVfviro+WojiFzv+s8MPMHBczVePfUpDJLwoLT0ht1l4YwBCbi8pJAveEEdnkHyPyTP/mzRfwg==",
					"requires": {
						"safe-buffer": "~5.1.0"
					},
					"dependencies": {
						"safe-buffer": {
							"version": "5.1.2",
							"resolved": "https://registry.npmjs.org/safe-buffer/-/safe-buffer-5.1.2.tgz",
							"integrity": "sha512-Gd2UZBJDkXlY7GbJxfsE8/nvKkUEU1G38c1siN6QP6a9PT9MmHB8GnpscSmMJSoF8LOIrt8ud/wPtojys4G6+g=="
						}
					}
				}
			}
		},
		"miller-rabin": {
			"version": "4.0.1",
			"resolved": "https://registry.npmjs.org/miller-rabin/-/miller-rabin-4.0.1.tgz",
			"integrity": "sha512-115fLhvZVqWwHPbClyntxEVfVDfl9DLLTuJvq3g2O/Oxi8AiNouAHvDSzHS0viUJc+V5vm3eq91Xwqn9dp4jRA==",
			"requires": {
				"bn.js": "^4.0.0",
				"brorand": "^1.0.1"
			}
		},
		"minimalistic-assert": {
			"version": "1.0.1",
			"resolved": "https://registry.npmjs.org/minimalistic-assert/-/minimalistic-assert-1.0.1.tgz",
			"integrity": "sha512-UtJcAD4yEaGtjPezWuO9wC4nwUnVH/8/Im3yEHQP4b67cXlD/Qr9hdITCU1xDbSEXg2XKNaP8jsReV7vQd00/A=="
		},
		"minimalistic-crypto-utils": {
			"version": "1.0.1",
			"resolved": "https://registry.npmjs.org/minimalistic-crypto-utils/-/minimalistic-crypto-utils-1.0.1.tgz",
			"integrity": "sha1-9sAMHAsIIkblxNmd+4x8CDsrWCo="
		},
		"node-addon-api": {
			"version": "2.0.2",
			"resolved": "https://registry.npmjs.org/node-addon-api/-/node-addon-api-2.0.2.tgz",
			"integrity": "sha512-Ntyt4AIXyaLIuMHF6IOoTakB3K+RWxwtsHNRxllEoA6vPwP9o4866g6YWDLUdnucilZhmkxiHwHr11gAENw+QA=="
		},
		"node-gyp-build": {
			"version": "4.2.3",
			"resolved": "https://registry.npmjs.org/node-gyp-build/-/node-gyp-build-4.2.3.tgz",
			"integrity": "sha512-MN6ZpzmfNCRM+3t57PTJHgHyw/h4OWnZ6mR8P5j/uZtqQr46RRuDE/P+g3n0YR/AiYXeWixZZzaip77gdICfRg=="
		},
		"object-inspect": {
			"version": "1.9.0",
			"resolved": "https://registry.npmjs.org/object-inspect/-/object-inspect-1.9.0.tgz",
			"integrity": "sha512-i3Bp9iTqwhaLZBxGkRfo5ZbE07BQRT7MGu8+nNgwW9ItGp1TzCTw2DLEoWwjClxBjOFI/hWljTAmYGCEwmtnOw=="
		},
		"object-keys": {
			"version": "0.4.0",
			"resolved": "https://registry.npmjs.org/object-keys/-/object-keys-0.4.0.tgz",
			"integrity": "sha1-KKaq50KN0sOpLz2V8hM13SBOAzY="
		},
		"object.assign": {
			"version": "4.1.2",
			"resolved": "https://registry.npmjs.org/object.assign/-/object.assign-4.1.2.tgz",
			"integrity": "sha512-ixT2L5THXsApyiUPYKmW+2EHpXXe5Ii3M+f4e+aJFAHao5amFRW6J0OO6c/LU8Be47utCx2GL89hxGB6XSmKuQ==",
			"requires": {
				"call-bind": "^1.0.0",
				"define-properties": "^1.1.3",
				"has-symbols": "^1.0.1",
				"object-keys": "^1.1.1"
			},
			"dependencies": {
				"object-keys": {
					"version": "1.1.1",
					"resolved": "https://registry.npmjs.org/object-keys/-/object-keys-1.1.1.tgz",
					"integrity": "sha512-NuAESUOUMrlIXOfHKzD6bpPu3tYt3xvjNdRIQ+FeT0lNb4K8WR70CaDxhuNguS2XG+GjkyMwOzsN5ZktImfhLA=="
				}
			}
		},
		"object.getownpropertydescriptors": {
			"version": "2.1.1",
			"resolved": "https://registry.npmjs.org/object.getownpropertydescriptors/-/object.getownpropertydescriptors-2.1.1.tgz",
			"integrity": "sha512-6DtXgZ/lIZ9hqx4GtZETobXLR/ZLaa0aqV0kzbn80Rf8Z2e/XFnhA0I7p07N2wH8bBBltr2xQPi6sbKWAY2Eng==",
			"requires": {
				"call-bind": "^1.0.0",
				"define-properties": "^1.1.3",
				"es-abstract": "^1.18.0-next.1"
			}
		},
		"pbkdf2": {
			"version": "3.1.1",
			"resolved": "https://registry.npmjs.org/pbkdf2/-/pbkdf2-3.1.1.tgz",
			"integrity": "sha512-4Ejy1OPxi9f2tt1rRV7Go7zmfDQ+ZectEQz3VGUQhgq62HtIRPDyG/JtnwIxs6x3uNMwo2V7q1fMvKjb+Tnpqg==",
			"requires": {
				"create-hash": "^1.1.2",
				"create-hmac": "^1.1.4",
				"ripemd160": "^2.0.1",
				"safe-buffer": "^5.0.1",
				"sha.js": "^2.4.8"
			}
		},
		"process-nextick-args": {
			"version": "2.0.1",
			"resolved": "https://registry.npmjs.org/process-nextick-args/-/process-nextick-args-2.0.1.tgz",
			"integrity": "sha512-3ouUOpQhtgrbOa17J7+uxOTpITYWaGP7/AhoR3+A+/1e9skrzelGi/dXzEYyvbxubEF6Wn2ypscTKiKJFFn1ag=="
		},
		"prr": {
			"version": "1.0.1",
			"resolved": "https://registry.npmjs.org/prr/-/prr-1.0.1.tgz",
			"integrity": "sha1-0/wRS6BplaRexok/SEzrHXj19HY="
		},
		"randombytes": {
			"version": "2.1.0",
			"resolved": "https://registry.npmjs.org/randombytes/-/randombytes-2.1.0.tgz",
			"integrity": "sha512-vYl3iOX+4CKUWuxGi9Ukhie6fsqXqS9FE2Zaic4tNFD2N2QQaXOMFbuKK4QmDHC0JO6B1Zp41J0LpT0oR68amQ==",
			"requires": {
				"safe-buffer": "^5.1.0"
			}
		},
		"readable-stream": {
			"version": "3.6.0",
			"resolved": "https://registry.npmjs.org/readable-stream/-/readable-stream-3.6.0.tgz",
			"integrity": "sha512-BViHy7LKeTz4oNnkcLJ+lVSL6vpiFeX6/d3oSH8zCW7UxP2onchk+vTGB143xuFjHS3deTgkKoXXymXqymiIdA==",
			"requires": {
				"inherits": "^2.0.3",
				"string_decoder": "^1.1.1",
				"util-deprecate": "^1.0.1"
			}
		},
		"ripemd160": {
			"version": "2.0.2",
			"resolved": "https://registry.npmjs.org/ripemd160/-/ripemd160-2.0.2.tgz",
			"integrity": "sha512-ii4iagi25WusVoiC4B4lq7pbXfAp3D9v5CwfkY33vffw2+pkDjY1D8GaN7spsxvCSx8dkPqOZCEZyfxcmJG2IA==",
			"requires": {
				"hash-base": "^3.0.0",
				"inherits": "^2.0.1"
			}
		},
		"rlp": {
			"version": "2.2.6",
			"resolved": "https://registry.npmjs.org/rlp/-/rlp-2.2.6.tgz",
			"integrity": "sha512-HAfAmL6SDYNWPUOJNrM500x4Thn4PZsEy5pijPh40U9WfNk0z15hUYzO9xVIMAdIHdFtD8CBDHd75Td1g36Mjg==",
			"requires": {
				"bn.js": "^4.11.1"
			}
		},
		"rustbn.js": {
			"version": "0.2.0",
			"resolved": "https://registry.npmjs.org/rustbn.js/-/rustbn.js-0.2.0.tgz",
			"integrity": "sha512-4VlvkRUuCJvr2J6Y0ImW7NvTCriMi7ErOAqWk1y69vAdoNIzCF3yPmgeNzx+RQTLEDFq5sHfscn1MwHxP9hNfA=="
		},
		"safe-buffer": {
			"version": "5.2.1",
			"resolved": "https://registry.npmjs.org/safe-buffer/-/safe-buffer-5.2.1.tgz",
			"integrity": "sha512-rp3So07KcdmmKbGvgaNxQSJr7bGVSVk5S9Eq1F+ppbRo70+YeaDxkw5Dd8NPN+GD6bjnYm2VuPuCXmpuYvmCXQ=="
		},
		"scrypt-js": {
			"version": "3.0.1",
			"resolved": "https://registry.npmjs.org/scrypt-js/-/scrypt-js-3.0.1.tgz",
			"integrity": "sha512-cdwTTnqPu0Hyvf5in5asVdZocVDTNRmR7XEcJuIzMjJeSHybHl7vpB66AzwTaIg6CLSbtjcxc8fqcySfnTkccA=="
		},
		"secp256k1": {
			"version": "4.0.2",
			"resolved": "https://registry.npmjs.org/secp256k1/-/secp256k1-4.0.2.tgz",
			"integrity": "sha512-UDar4sKvWAksIlfX3xIaQReADn+WFnHvbVujpcbr+9Sf/69odMwy2MUsz5CKLQgX9nsIyrjuxL2imVyoNHa3fg==",
			"requires": {
				"elliptic": "^6.5.2",
				"node-addon-api": "^2.0.0",
				"node-gyp-build": "^4.2.0"
			}
		},
		"semaphore": {
			"version": "1.1.0",
			"resolved": "https://registry.npmjs.org/semaphore/-/semaphore-1.1.0.tgz",
			"integrity": "sha512-O4OZEaNtkMd/K0i6js9SL+gqy0ZCBMgUvlSqHKi4IBdjhe7wB8pwztUk1BbZ1fmrvpwFrPbHzqd2w5pTcJH6LA=="
		},
		"semver": {
			"version": "5.4.1",
			"resolved": "https://registry.npmjs.org/semver/-/semver-5.4.1.tgz",
			"integrity": "sha512-WfG/X9+oATh81XtllIo/I8gOiY9EXRdv1cQdyykeXK17YcUW3EXUAi2To4pcH6nZtJPr7ZOpM5OMyWJZm+8Rsg=="
		},
		"setimmediate": {
			"version": "1.0.5",
			"resolved": "https://registry.npmjs.org/setimmediate/-/setimmediate-1.0.5.tgz",
			"integrity": "sha1-KQy7Iy4waULX1+qbg3Mqt4VvgoU="
		},
		"sha.js": {
			"version": "2.4.11",
			"resolved": "https://registry.npmjs.org/sha.js/-/sha.js-2.4.11.tgz",
			"integrity": "sha512-QMEp5B7cftE7APOjk5Y6xgrbWu+WkLVQwk8JNjZ8nKRciZaByEW6MubieAiToS7+dwvrjGhH8jRXz3MVd0AYqQ==",
			"requires": {
				"inherits": "^2.0.1",
				"safe-buffer": "^5.0.1"
			}
		},
		"string.prototype.trimend": {
			"version": "1.0.3",
			"resolved": "https://registry.npmjs.org/string.prototype.trimend/-/string.prototype.trimend-1.0.3.tgz",
			"integrity": "sha512-ayH0pB+uf0U28CtjlLvL7NaohvR1amUvVZk+y3DYb0Ey2PUV5zPkkKy9+U1ndVEIXO8hNg18eIv9Jntbii+dKw==",
			"requires": {
				"call-bind": "^1.0.0",
				"define-properties": "^1.1.3"
			}
		},
		"string.prototype.trimstart": {
			"version": "1.0.3",
			"resolved": "https://registry.npmjs.org/string.prototype.trimstart/-/string.prototype.trimstart-1.0.3.tgz",
			"integrity": "sha512-oBIBUy5lea5tt0ovtOFiEQaBkoBBkyJhZXzJYrSmDo5IUUqbOPvVezuRs/agBIdZ2p2Eo1FD6bD9USyBLfl3xg==",
			"requires": {
				"call-bind": "^1.0.0",
				"define-properties": "^1.1.3"
			}
		},
		"string_decoder": {
			"version": "1.3.0",
			"resolved": "https://registry.npmjs.org/string_decoder/-/string_decoder-1.3.0.tgz",
			"integrity": "sha512-hkRX8U1WjJFd8LsDJ2yQ/wWWxaopEsABU1XfkM8A+j0+85JAGppt16cr1Whg6KIbb4okU6Mql6BOj+uup/wKeA==",
			"requires": {
				"safe-buffer": "~5.2.0"
			}
		},
		"strip-hex-prefix": {
			"version": "1.0.0",
			"resolved": "https://registry.npmjs.org/strip-hex-prefix/-/strip-hex-prefix-1.0.0.tgz",
			"integrity": "sha1-DF8VX+8RUTczd96du1iNoFUA428=",
			"requires": {
				"is-hex-prefixed": "1.0.0"
			}
		},
		"util-deprecate": {
			"version": "1.0.2",
			"resolved": "https://registry.npmjs.org/util-deprecate/-/util-deprecate-1.0.2.tgz",
			"integrity": "sha1-RQ1Nyfpw3nMnYvvS1KKJgUGaDM8="
		},
		"util.promisify": {
			"version": "1.1.0",
			"resolved": "https://registry.npmjs.org/util.promisify/-/util.promisify-1.1.0.tgz",
			"integrity": "sha512-KXdwUwahiTMGAA2NE3NVKSyabmckHljc99p1E9neqltHxT+7KsomX6yGGWSmbWRMf7wTpeG/CQMDgbLN8AahsQ==",
			"requires": {
				"call-bind": "^1.0.0",
				"define-properties": "^1.1.3",
				"for-each": "^0.3.3",
				"object.getownpropertydescriptors": "^2.1.1"
			}
		},
		"xtend": {
			"version": "2.1.2",
			"resolved": "https://registry.npmjs.org/xtend/-/xtend-2.1.2.tgz",
			"integrity": "sha1-bv7MKk2tjmlixJAbM3znuoe10os=",
			"requires": {
				"object-keys": "~0.4.0"
			}
		},
		"yallist": {
			"version": "3.1.1",
			"resolved": "https://registry.npmjs.org/yallist/-/yallist-3.1.1.tgz",
			"integrity": "sha512-a4UGQaWPH59mOXUYnAG2ewncQS4i4F43Tv3JoAM+s2VDAmS9NsK8GpDMLrCHPksFT7h3K6TOoUNn2pb7RoXx4g=="
		}
	}
}
