{
	"name": "@ganache/core",
	"version": "0.1.0",
	"lockfileVersion": 1,
	"requires": true,
	"dependencies": {
		"@types/cookiejar": {
			"version": "2.1.2",
			"resolved": "https://registry.npmjs.org/@types/cookiejar/-/cookiejar-2.1.2.tgz",
			"integrity": "sha512-t73xJJrvdTjXrn4jLS9VSGRbz0nUY3cl2DMGDU48lKl+HR9dbbjW2A9r3g40VA++mQpy6uuHg33gy7du2BKpog==",
			"dev": true
		},
		"@types/node": {
			"version": "14.14.20",
			"resolved": "https://registry.npmjs.org/@types/node/-/node-14.14.20.tgz",
			"integrity": "sha512-Y93R97Ouif9JEOWPIUyU+eyIdyRqQR0I8Ez1dzku4hDx34NWh4HbtIc3WNzwB1Y9ULvNGeu5B8h8bVL5cAk4/A==",
			"dev": true
		},
		"@types/promise.allsettled": {
			"version": "1.0.3",
			"resolved": "https://registry.npmjs.org/@types/promise.allsettled/-/promise.allsettled-1.0.3.tgz",
			"integrity": "sha512-b/IFHHTkYkTqu41IH9UtpICwqrpKj2oNlb4KHPzFQDMiz+h1BgAeATeO0/XTph4+UkH9W2U0E4B4j64KWOovag==",
			"dev": true
		},
		"@types/superagent": {
			"version": "4.1.10",
			"resolved": "https://registry.npmjs.org/@types/superagent/-/superagent-4.1.10.tgz",
			"integrity": "sha512-xAgkb2CMWUMCyVc/3+7iQfOEBE75NvuZeezvmixbUw3nmENf2tCnQkW5yQLTYqvXUQ+R6EXxdqKKbal2zM5V/g==",
			"dev": true,
			"requires": {
				"@types/cookiejar": "*",
				"@types/node": "*"
			}
		},
		"array.prototype.map": {
			"version": "1.0.3",
			"resolved": "https://registry.npmjs.org/array.prototype.map/-/array.prototype.map-1.0.3.tgz",
			"integrity": "sha512-nNcb30v0wfDyIe26Yif3PcV1JXQp4zEeEfupG7L4SRjnD6HLbO5b2a7eVSba53bOx4YCHYMBHt+Fp4vYstneRA==",
			"requires": {
				"call-bind": "^1.0.0",
				"define-properties": "^1.1.3",
				"es-abstract": "^1.18.0-next.1",
				"es-array-method-boxes-properly": "^1.0.0",
				"is-string": "^1.0.5"
			}
		},
		"asynckit": {
			"version": "0.4.0",
			"resolved": "https://registry.npmjs.org/asynckit/-/asynckit-0.4.0.tgz",
			"integrity": "sha1-x57Zf380y48robyXkLzDZkdLS3k=",
			"dev": true
		},
		"call-bind": {
			"version": "1.0.2",
			"resolved": "https://registry.npmjs.org/call-bind/-/call-bind-1.0.2.tgz",
			"integrity": "sha512-7O+FbCihrB5WGbFYesctwmTKae6rOiIzmz1icreWJ+0aA7LJfuqhEso2T9ncpcFtzMQtzXf2QGGueWJGTYsqrA==",
			"requires": {
				"function-bind": "^1.1.1",
				"get-intrinsic": "^1.0.2"
			}
		},
		"combined-stream": {
			"version": "1.0.8",
			"resolved": "https://registry.npmjs.org/combined-stream/-/combined-stream-1.0.8.tgz",
			"integrity": "sha512-FQN4MRfuJeHf7cBbBMJFXhKSDq+2kAArBlmRBvcvFE5BB1HZKXtSFASDhdlz9zOYwxh8lDdnvmMOe/+5cdoEdg==",
			"dev": true,
			"requires": {
				"delayed-stream": "~1.0.0"
			}
		},
		"component-emitter": {
			"version": "1.3.0",
			"resolved": "https://registry.npmjs.org/component-emitter/-/component-emitter-1.3.0.tgz",
			"integrity": "sha512-Rd3se6QB+sO1TwqZjscQrurpEPIfO0/yYnSin6Q/rD3mOutHvUrCAhJub3r90uNb+SESBuE0QYoB90YdfatsRg==",
			"dev": true
		},
		"cookiejar": {
			"version": "2.1.2",
			"resolved": "https://registry.npmjs.org/cookiejar/-/cookiejar-2.1.2.tgz",
			"integrity": "sha512-Mw+adcfzPxcPeI+0WlvRrr/3lGVO0bD75SxX6811cxSh1Wbxx7xZBGK1eVtDf6si8rg2lhnUjsVLMFMfbRIuwA==",
			"dev": true
		},
		"debug": {
			"version": "4.3.1",
			"resolved": "https://registry.npmjs.org/debug/-/debug-4.3.1.tgz",
			"integrity": "sha512-doEwdvm4PCeK4K3RQN2ZC2BYUBaxwLARCqZmMjtF8a51J2Rb0xpVloFRnCODwqjpwnAoao4pelN8l3RJdv3gRQ==",
			"dev": true,
			"requires": {
				"ms": "2.1.2"
			}
		},
		"define-properties": {
			"version": "1.1.3",
			"resolved": "https://registry.npmjs.org/define-properties/-/define-properties-1.1.3.tgz",
			"integrity": "sha512-3MqfYKj2lLzdMSf8ZIZE/V+Zuy+BgD6f164e8K2w7dgnpKArBDerGYpM46IYYcjnkdPNMjPk9A6VFB8+3SKlXQ==",
			"requires": {
				"object-keys": "^1.0.12"
			}
		},
		"delayed-stream": {
			"version": "1.0.0",
			"resolved": "https://registry.npmjs.org/delayed-stream/-/delayed-stream-1.0.0.tgz",
			"integrity": "sha1-3zrhmayt+31ECqrgsp4icrJOxhk=",
			"dev": true
		},
		"es-abstract": {
			"version": "1.18.0",
			"resolved": "https://registry.npmjs.org/es-abstract/-/es-abstract-1.18.0.tgz",
			"integrity": "sha512-LJzK7MrQa8TS0ja2w3YNLzUgJCGPdPOV1yVvezjNnS89D+VR08+Szt2mz3YB2Dck/+w5tfIq/RoUAFqJJGM2yw==",
			"requires": {
				"call-bind": "^1.0.2",
				"es-to-primitive": "^1.2.1",
				"function-bind": "^1.1.1",
				"get-intrinsic": "^1.1.1",
				"has": "^1.0.3",
				"has-symbols": "^1.0.2",
				"is-callable": "^1.2.3",
				"is-negative-zero": "^2.0.1",
				"is-regex": "^1.1.2",
				"is-string": "^1.0.5",
				"object-inspect": "^1.9.0",
				"object-keys": "^1.1.1",
				"object.assign": "^4.1.2",
				"string.prototype.trimend": "^1.0.4",
				"string.prototype.trimstart": "^1.0.4",
				"unbox-primitive": "^1.0.0"
			}
		},
		"es-array-method-boxes-properly": {
			"version": "1.0.0",
			"resolved": "https://registry.npmjs.org/es-array-method-boxes-properly/-/es-array-method-boxes-properly-1.0.0.tgz",
			"integrity": "sha512-wd6JXUmyHmt8T5a2xreUwKcGPq6f1f+WwIJkijUqiGcJz1qqnZgP6XIK+QyIWU5lT7imeNxUll48bziG+TSYcA=="
		},
		"es-get-iterator": {
			"version": "1.1.2",
			"resolved": "https://registry.npmjs.org/es-get-iterator/-/es-get-iterator-1.1.2.tgz",
			"integrity": "sha512-+DTO8GYwbMCwbywjimwZMHp8AuYXOS2JZFWoi2AlPOS3ebnII9w/NLpNZtA7A0YLaVDw+O7KFCeoIV7OPvM7hQ==",
			"requires": {
				"call-bind": "^1.0.2",
				"get-intrinsic": "^1.1.0",
				"has-symbols": "^1.0.1",
				"is-arguments": "^1.1.0",
				"is-map": "^2.0.2",
				"is-set": "^2.0.2",
				"is-string": "^1.0.5",
				"isarray": "^2.0.5"
			}
		},
		"es-to-primitive": {
			"version": "1.2.1",
			"resolved": "https://registry.npmjs.org/es-to-primitive/-/es-to-primitive-1.2.1.tgz",
			"integrity": "sha512-QCOllgZJtaUo9miYBcLChTUaHNjJF3PYs1VidD7AwiEj1kYxKeQTctLAezAOH5ZKRH0g2IgPn6KwB4IT8iRpvA==",
			"requires": {
				"is-callable": "^1.1.4",
				"is-date-object": "^1.0.1",
				"is-symbol": "^1.0.2"
			}
		},
		"fast-safe-stringify": {
			"version": "2.0.7",
			"resolved": "https://registry.npmjs.org/fast-safe-stringify/-/fast-safe-stringify-2.0.7.tgz",
			"integrity": "sha512-Utm6CdzT+6xsDk2m8S6uL8VHxNwI6Jub+e9NYTcAms28T84pTa25GJQV9j0CY0N1rM8hK4x6grpF2BQf+2qwVA==",
			"dev": true
		},
		"form-data": {
			"version": "3.0.0",
			"resolved": "https://registry.npmjs.org/form-data/-/form-data-3.0.0.tgz",
			"integrity": "sha512-CKMFDglpbMi6PyN+brwB9Q/GOw0eAnsrEZDgcsH5Krhz5Od/haKHAX0NmQfha2zPPz0JpWzA7GJHGSnvCRLWsg==",
			"dev": true,
			"requires": {
				"asynckit": "^0.4.0",
				"combined-stream": "^1.0.8",
				"mime-types": "^2.1.12"
			}
		},
		"formidable": {
			"version": "1.2.2",
			"resolved": "https://registry.npmjs.org/formidable/-/formidable-1.2.2.tgz",
			"integrity": "sha512-V8gLm+41I/8kguQ4/o1D3RIHRmhYFG4pnNyonvua+40rqcEmT4+V71yaZ3B457xbbgCsCfjSPi65u/W6vK1U5Q==",
			"dev": true
		},
		"function-bind": {
			"version": "1.1.1",
			"resolved": "https://registry.npmjs.org/function-bind/-/function-bind-1.1.1.tgz",
			"integrity": "sha512-yIovAzMX49sF8Yl58fSCWJ5svSLuaibPxXQJFLmBObTuCr0Mf1KiPopGM9NiFjiYBCbfaa2Fh6breQ6ANVTI0A=="
		},
		"get-intrinsic": {
			"version": "1.1.1",
			"resolved": "https://registry.npmjs.org/get-intrinsic/-/get-intrinsic-1.1.1.tgz",
			"integrity": "sha512-kWZrnVM42QCiEA2Ig1bG8zjoIMOgxWwYCEeNdwY6Tv/cOSeGpcoX4pXHfKUxNKVoArnrEr2e9srnAxxGIraS9Q==",
			"requires": {
				"function-bind": "^1.1.1",
				"has": "^1.0.3",
				"has-symbols": "^1.0.1"
			}
		},
		"has": {
			"version": "1.0.3",
			"resolved": "https://registry.npmjs.org/has/-/has-1.0.3.tgz",
			"integrity": "sha512-f2dvO0VU6Oej7RkWJGrehjbzMAjFp5/VKPp5tTpWIV4JHHZK1/BxbFRtf/siA2SWTe09caDmVtYYzWEIbBS4zw==",
			"requires": {
				"function-bind": "^1.1.1"
			}
		},
		"has-bigints": {
			"version": "1.0.1",
			"resolved": "https://registry.npmjs.org/has-bigints/-/has-bigints-1.0.1.tgz",
			"integrity": "sha512-LSBS2LjbNBTf6287JEbEzvJgftkF5qFkmCo9hDRpAzKhUOlJ+hx8dd4USs00SgsUNwc4617J9ki5YtEClM2ffA=="
		},
		"has-symbols": {
			"version": "1.0.2",
			"resolved": "https://registry.npmjs.org/has-symbols/-/has-symbols-1.0.2.tgz",
			"integrity": "sha512-chXa79rL/UC2KlX17jo3vRGz0azaWEx5tGqZg5pO3NUyEJVB17dMruQlzCCOfUvElghKcm5194+BCRvi2Rv/Gw=="
		},
		"inherits": {
			"version": "2.0.4",
			"resolved": "https://registry.npmjs.org/inherits/-/inherits-2.0.4.tgz",
			"integrity": "sha512-k/vGaX4/Yla3WzyMCvTQOXYeIHvqOKtnqBduzTHpzpQZzAskKMhZ2K+EnBiSM9zGSoIFeMpXKxa4dYeZIQqewQ==",
			"dev": true
		},
		"is-arguments": {
			"version": "1.1.0",
			"resolved": "https://registry.npmjs.org/is-arguments/-/is-arguments-1.1.0.tgz",
			"integrity": "sha512-1Ij4lOMPl/xB5kBDn7I+b2ttPMKa8szhEIrXDuXQD/oe3HJLTLhqhgGspwgyGd6MOywBUqVvYicF72lkgDnIHg==",
			"requires": {
				"call-bind": "^1.0.0"
			}
		},
		"is-bigint": {
			"version": "1.0.1",
			"resolved": "https://registry.npmjs.org/is-bigint/-/is-bigint-1.0.1.tgz",
			"integrity": "sha512-J0ELF4yHFxHy0cmSxZuheDOz2luOdVvqjwmEcj8H/L1JHeuEDSDbeRP+Dk9kFVk5RTFzbucJ2Kb9F7ixY2QaCg=="
		},
		"is-boolean-object": {
			"version": "1.1.0",
			"resolved": "https://registry.npmjs.org/is-boolean-object/-/is-boolean-object-1.1.0.tgz",
			"integrity": "sha512-a7Uprx8UtD+HWdyYwnD1+ExtTgqQtD2k/1yJgtXP6wnMm8byhkoTZRl+95LLThpzNZJ5aEvi46cdH+ayMFRwmA==",
			"requires": {
				"call-bind": "^1.0.0"
			}
		},
		"is-callable": {
			"version": "1.2.3",
			"resolved": "https://registry.npmjs.org/is-callable/-/is-callable-1.2.3.tgz",
			"integrity": "sha512-J1DcMe8UYTBSrKezuIUTUwjXsho29693unXM2YhJUTR2txK/eG47bvNa/wipPFmZFgr/N6f1GA66dv0mEyTIyQ=="
		},
		"is-date-object": {
			"version": "1.0.2",
			"resolved": "https://registry.npmjs.org/is-date-object/-/is-date-object-1.0.2.tgz",
			"integrity": "sha512-USlDT524woQ08aoZFzh3/Z6ch9Y/EWXEHQ/AaRN0SkKq4t2Jw2R2339tSXmwuVoY7LLlBCbOIlx2myP/L5zk0g=="
		},
		"is-map": {
			"version": "2.0.2",
			"resolved": "https://registry.npmjs.org/is-map/-/is-map-2.0.2.tgz",
			"integrity": "sha512-cOZFQQozTha1f4MxLFzlgKYPTyj26picdZTx82hbc/Xf4K/tZOOXSCkMvU4pKioRXGDLJRn0GM7Upe7kR721yg=="
		},
		"is-negative-zero": {
			"version": "2.0.1",
			"resolved": "https://registry.npmjs.org/is-negative-zero/-/is-negative-zero-2.0.1.tgz",
			"integrity": "sha512-2z6JzQvZRa9A2Y7xC6dQQm4FSTSTNWjKIYYTt4246eMTJmIo0Q+ZyOsU66X8lxK1AbB92dFeglPLrhwpeRKO6w=="
		},
		"is-number-object": {
			"version": "1.0.4",
			"resolved": "https://registry.npmjs.org/is-number-object/-/is-number-object-1.0.4.tgz",
			"integrity": "sha512-zohwelOAur+5uXtk8O3GPQ1eAcu4ZX3UwxQhUlfFFMNpUd83gXgjbhJh6HmB6LUNV/ieOLQuDwJO3dWJosUeMw=="
		},
		"is-regex": {
			"version": "1.1.2",
			"resolved": "https://registry.npmjs.org/is-regex/-/is-regex-1.1.2.tgz",
			"integrity": "sha512-axvdhb5pdhEVThqJzYXwMlVuZwC+FF2DpcOhTS+y/8jVq4trxyPgfcwIxIKiyeuLlSQYKkmUaPQJ8ZE4yNKXDg==",
			"requires": {
				"call-bind": "^1.0.2",
				"has-symbols": "^1.0.1"
			}
		},
		"is-set": {
			"version": "2.0.2",
			"resolved": "https://registry.npmjs.org/is-set/-/is-set-2.0.2.tgz",
			"integrity": "sha512-+2cnTEZeY5z/iXGbLhPrOAaK/Mau5k5eXq9j14CpRTftq0pAJu2MwVRSZhyZWBzx3o6X795Lz6Bpb6R0GKf37g=="
		},
		"is-string": {
			"version": "1.0.5",
			"resolved": "https://registry.npmjs.org/is-string/-/is-string-1.0.5.tgz",
			"integrity": "sha512-buY6VNRjhQMiF1qWDouloZlQbRhDPCebwxSjxMjxgemYT46YMd2NR0/H+fBhEfWX4A/w9TBJ+ol+okqJKFE6vQ=="
		},
		"is-symbol": {
			"version": "1.0.3",
			"resolved": "https://registry.npmjs.org/is-symbol/-/is-symbol-1.0.3.tgz",
			"integrity": "sha512-OwijhaRSgqvhm/0ZdAcXNZt9lYdKFpcRDT5ULUuYXPoT794UNOdU+gpT6Rzo7b4V2HUl/op6GqY894AZwv9faQ==",
			"requires": {
				"has-symbols": "^1.0.1"
			}
		},
		"isarray": {
			"version": "2.0.5",
			"resolved": "https://registry.npmjs.org/isarray/-/isarray-2.0.5.tgz",
			"integrity": "sha512-xHjhDr3cNBK0BzdUJSPXZntQUx/mwMS5Rw4A7lPJ90XGAO6ISP/ePDNuo0vhqOZU+UD5JoodwCAAoZQd3FeAKw=="
		},
		"iterate-iterator": {
			"version": "1.0.1",
			"resolved": "https://registry.npmjs.org/iterate-iterator/-/iterate-iterator-1.0.1.tgz",
			"integrity": "sha512-3Q6tudGN05kbkDQDI4CqjaBf4qf85w6W6GnuZDtUVYwKgtC1q8yxYX7CZed7N+tLzQqS6roujWvszf13T+n9aw=="
		},
		"iterate-value": {
			"version": "1.0.2",
			"resolved": "https://registry.npmjs.org/iterate-value/-/iterate-value-1.0.2.tgz",
			"integrity": "sha512-A6fMAio4D2ot2r/TYzr4yUWrmwNdsN5xL7+HUiyACE4DXm+q8HtPcnFTp+NnW3k4N05tZ7FVYFFb2CR13NxyHQ==",
			"requires": {
				"es-get-iterator": "^1.0.2",
				"iterate-iterator": "^1.0.1"
			}
		},
		"lru-cache": {
			"version": "6.0.0",
			"resolved": "https://registry.npmjs.org/lru-cache/-/lru-cache-6.0.0.tgz",
			"integrity": "sha512-Jo6dJ04CmSjuznwJSS3pUeWmd/H0ffTlkXXgwZi+eq1UCmqQwCh+eLsYOYCwY991i2Fah4h1BEMCx4qThGbsiA==",
			"dev": true,
			"requires": {
				"yallist": "^4.0.0"
			}
		},
		"methods": {
			"version": "1.1.2",
			"resolved": "https://registry.npmjs.org/methods/-/methods-1.1.2.tgz",
			"integrity": "sha1-VSmk1nZUE07cxSZmVoNbD4Ua/O4=",
			"dev": true
		},
		"mime": {
			"version": "2.4.7",
			"resolved": "https://registry.npmjs.org/mime/-/mime-2.4.7.tgz",
			"integrity": "sha512-dhNd1uA2u397uQk3Nv5LM4lm93WYDUXFn3Fu291FJerns4jyTudqhIWe4W04YLy7Uk1tm1Ore04NpjRvQp/NPA==",
			"dev": true
		},
		"mime-db": {
			"version": "1.45.0",
			"resolved": "https://registry.npmjs.org/mime-db/-/mime-db-1.45.0.tgz",
			"integrity": "sha512-CkqLUxUk15hofLoLyljJSrukZi8mAtgd+yE5uO4tqRZsdsAJKv0O+rFMhVDRJgozy+yG6md5KwuXhD4ocIoP+w==",
			"dev": true
		},
		"mime-types": {
			"version": "2.1.28",
			"resolved": "https://registry.npmjs.org/mime-types/-/mime-types-2.1.28.tgz",
			"integrity": "sha512-0TO2yJ5YHYr7M2zzT7gDU1tbwHxEUWBCLt0lscSNpcdAfFyJOVEpRYNS7EXVcTLNj/25QO8gulHC5JtTzSE2UQ==",
			"dev": true,
			"requires": {
				"mime-db": "1.45.0"
			}
		},
		"ms": {
			"version": "2.1.2",
			"resolved": "https://registry.npmjs.org/ms/-/ms-2.1.2.tgz",
			"integrity": "sha512-sGkPx+VjMtmA6MX27oA4FBFELFCZZ4S4XqeGOXCv68tT+jb3vk/RyaKWP0PTKyWtmLSM0b+adUTEvbs1PEaH2w==",
			"dev": true
		},
		"object-inspect": {
			"version": "1.9.0",
			"resolved": "https://registry.npmjs.org/object-inspect/-/object-inspect-1.9.0.tgz",
			"integrity": "sha512-i3Bp9iTqwhaLZBxGkRfo5ZbE07BQRT7MGu8+nNgwW9ItGp1TzCTw2DLEoWwjClxBjOFI/hWljTAmYGCEwmtnOw=="
		},
		"object-keys": {
			"version": "1.1.1",
			"resolved": "https://registry.npmjs.org/object-keys/-/object-keys-1.1.1.tgz",
			"integrity": "sha512-NuAESUOUMrlIXOfHKzD6bpPu3tYt3xvjNdRIQ+FeT0lNb4K8WR70CaDxhuNguS2XG+GjkyMwOzsN5ZktImfhLA=="
		},
		"object.assign": {
			"version": "4.1.2",
			"resolved": "https://registry.npmjs.org/object.assign/-/object.assign-4.1.2.tgz",
			"integrity": "sha512-ixT2L5THXsApyiUPYKmW+2EHpXXe5Ii3M+f4e+aJFAHao5amFRW6J0OO6c/LU8Be47utCx2GL89hxGB6XSmKuQ==",
			"requires": {
				"call-bind": "^1.0.0",
				"define-properties": "^1.1.3",
				"has-symbols": "^1.0.1",
				"object-keys": "^1.1.1"
			}
		},
		"promise.allsettled": {
			"version": "1.0.4",
			"resolved": "https://registry.npmjs.org/promise.allsettled/-/promise.allsettled-1.0.4.tgz",
			"integrity": "sha512-o73CbvQh/OnPFShxHcHxk0baXR2a1m4ozb85ha0H14VEoi/EJJLa9mnPfEWJx9RjA9MLfhdjZ8I6HhWtBa64Ag==",
			"requires": {
				"array.prototype.map": "^1.0.3",
				"call-bind": "^1.0.2",
				"define-properties": "^1.1.3",
				"es-abstract": "^1.18.0-next.2",
				"get-intrinsic": "^1.0.2",
				"iterate-value": "^1.0.2"
			}
		},
		"qs": {
			"version": "6.9.4",
			"resolved": "https://registry.npmjs.org/qs/-/qs-6.9.4.tgz",
			"integrity": "sha512-A1kFqHekCTM7cz0udomYUoYNWjBebHm/5wzU/XqrBRBNWectVH0QIiN+NEcZ0Dte5hvzHwbr8+XQmguPhJ6WdQ==",
			"dev": true
		},
		"readable-stream": {
			"version": "3.6.0",
			"resolved": "https://registry.npmjs.org/readable-stream/-/readable-stream-3.6.0.tgz",
			"integrity": "sha512-BViHy7LKeTz4oNnkcLJ+lVSL6vpiFeX6/d3oSH8zCW7UxP2onchk+vTGB143xuFjHS3deTgkKoXXymXqymiIdA==",
			"dev": true,
			"requires": {
				"inherits": "^2.0.3",
				"string_decoder": "^1.1.1",
				"util-deprecate": "^1.0.1"
			}
		},
		"safe-buffer": {
			"version": "5.2.1",
			"resolved": "https://registry.npmjs.org/safe-buffer/-/safe-buffer-5.2.1.tgz",
			"integrity": "sha512-rp3So07KcdmmKbGvgaNxQSJr7bGVSVk5S9Eq1F+ppbRo70+YeaDxkw5Dd8NPN+GD6bjnYm2VuPuCXmpuYvmCXQ==",
			"dev": true
		},
		"semver": {
			"version": "7.3.4",
			"resolved": "https://registry.npmjs.org/semver/-/semver-7.3.4.tgz",
			"integrity": "sha512-tCfb2WLjqFAtXn4KEdxIhalnRtoKFN7nAwj0B3ZXCbQloV2tq5eDbcTmT68JJD3nRJq24/XgxtQKFIpQdtvmVw==",
			"dev": true,
			"requires": {
				"lru-cache": "^6.0.0"
			}
		},
		"string.prototype.trimend": {
			"version": "1.0.4",
			"resolved": "https://registry.npmjs.org/string.prototype.trimend/-/string.prototype.trimend-1.0.4.tgz",
			"integrity": "sha512-y9xCjw1P23Awk8EvTpcyL2NIr1j7wJ39f+k6lvRnSMz+mz9CGz9NYPelDk42kOz6+ql8xjfK8oYzy3jAP5QU5A==",
			"requires": {
				"call-bind": "^1.0.2",
				"define-properties": "^1.1.3"
			}
		},
		"string.prototype.trimstart": {
			"version": "1.0.4",
			"resolved": "https://registry.npmjs.org/string.prototype.trimstart/-/string.prototype.trimstart-1.0.4.tgz",
			"integrity": "sha512-jh6e984OBfvxS50tdY2nRZnoC5/mLFKOREQfw8t5yytkoUsJRNxvI/E39qu1sD0OtWI3OC0XgKSmcWwziwYuZw==",
			"requires": {
				"call-bind": "^1.0.2",
				"define-properties": "^1.1.3"
			}
		},
		"string_decoder": {
			"version": "1.3.0",
			"resolved": "https://registry.npmjs.org/string_decoder/-/string_decoder-1.3.0.tgz",
			"integrity": "sha512-hkRX8U1WjJFd8LsDJ2yQ/wWWxaopEsABU1XfkM8A+j0+85JAGppt16cr1Whg6KIbb4okU6Mql6BOj+uup/wKeA==",
			"dev": true,
			"requires": {
				"safe-buffer": "~5.2.0"
			}
		},
		"superagent": {
			"version": "6.1.0",
			"resolved": "https://registry.npmjs.org/superagent/-/superagent-6.1.0.tgz",
			"integrity": "sha512-OUDHEssirmplo3F+1HWKUrUjvnQuA+nZI6i/JJBdXb5eq9IyEQwPyPpqND+SSsxf6TygpBEkUjISVRN4/VOpeg==",
			"dev": true,
			"requires": {
				"component-emitter": "^1.3.0",
				"cookiejar": "^2.1.2",
				"debug": "^4.1.1",
				"fast-safe-stringify": "^2.0.7",
				"form-data": "^3.0.0",
				"formidable": "^1.2.2",
				"methods": "^1.1.2",
				"mime": "^2.4.6",
				"qs": "^6.9.4",
				"readable-stream": "^3.6.0",
				"semver": "^7.3.2"
			}
		},
		"uWebSockets.js": {
			"version": "github:uNetworking/uWebSockets.js#3dbec7b56d627193e20705844b6bd10e49848b8c",
			"from": "github:uNetworking/uWebSockets.js#v18.4.0"
		},
		"unbox-primitive": {
			"version": "1.0.1",
			"resolved": "https://registry.npmjs.org/unbox-primitive/-/unbox-primitive-1.0.1.tgz",
			"integrity": "sha512-tZU/3NqK3dA5gpE1KtyiJUrEB0lxnGkMFHptJ7q6ewdZ8s12QrODwNbhIJStmJkd1QDXa1NRA8aF2A1zk/Ypyw==",
			"requires": {
				"function-bind": "^1.1.1",
				"has-bigints": "^1.0.1",
				"has-symbols": "^1.0.2",
				"which-boxed-primitive": "^1.0.2"
			}
		},
		"util-deprecate": {
			"version": "1.0.2",
			"resolved": "https://registry.npmjs.org/util-deprecate/-/util-deprecate-1.0.2.tgz",
			"integrity": "sha1-RQ1Nyfpw3nMnYvvS1KKJgUGaDM8=",
			"dev": true
		},
		"which-boxed-primitive": {
			"version": "1.0.2",
			"resolved": "https://registry.npmjs.org/which-boxed-primitive/-/which-boxed-primitive-1.0.2.tgz",
			"integrity": "sha512-bwZdv0AKLpplFY2KZRX6TvyuN7ojjr7lwkg6ml0roIy9YeuSr7JS372qlNW18UQYzgYK9ziGcerWqZOmEn9VNg==",
			"requires": {
				"is-bigint": "^1.0.1",
				"is-boolean-object": "^1.1.0",
				"is-number-object": "^1.0.4",
				"is-string": "^1.0.5",
				"is-symbol": "^1.0.3"
			}
		},
		"ws": {
			"version": "7.3.1",
			"resolved": "https://registry.npmjs.org/ws/-/ws-7.3.1.tgz",
			"integrity": "sha512-D3RuNkynyHmEJIpD2qrgVkc9DQ23OrN/moAwZX4L8DfvszsJxpjQuUq3LMx6HoYji9fbIOBY18XWBsAux1ZZUA==",
			"dev": true
		},
		"yallist": {
			"version": "4.0.0",
			"resolved": "https://registry.npmjs.org/yallist/-/yallist-4.0.0.tgz",
			"integrity": "sha512-3wdGidZyq5PB084XLES5TpOSRA3wjXAlIWMhum2kRcv/41Sn2emQ0dycQW4uZXLejwKvg6EsvbdlVL+FYEct7A==",
			"dev": true
		}
	}
}
